// !$*UTF8*$!
{
	archiveVersion = 1;
	classes = {
	};
	objectVersion = 46;
	objects = {

/* Begin PBXBuildFile section */
		BC2B0AC614743B790074B97F /* SFHFKeychainUtils.m in Sources */ = {isa = PBXBuildFile; fileRef = BC2B0AC514743B790074B97F /* SFHFKeychainUtils.m */; };
		BC2B0AC8147440E10074B97F /* Security.framework in Frameworks */ = {isa = PBXBuildFile; fileRef = BC2B0AC7147440E10074B97F /* Security.framework */; };
		BC53B8EB146C409200B14231 /* UIKit.framework in Frameworks */ = {isa = PBXBuildFile; fileRef = BC53B8EA146C409200B14231 /* UIKit.framework */; };
		BC53B8ED146C409200B14231 /* Foundation.framework in Frameworks */ = {isa = PBXBuildFile; fileRef = BC53B8EC146C409200B14231 /* Foundation.framework */; };
		BC53B8EF146C409200B14231 /* CoreGraphics.framework in Frameworks */ = {isa = PBXBuildFile; fileRef = BC53B8EE146C409200B14231 /* CoreGraphics.framework */; };
		BC53B8F5146C409200B14231 /* InfoPlist.strings in Resources */ = {isa = PBXBuildFile; fileRef = BC53B8F3146C409200B14231 /* InfoPlist.strings */; };
		BC53B8F7146C409200B14231 /* main.m in Sources */ = {isa = PBXBuildFile; fileRef = BC53B8F6146C409200B14231 /* main.m */; };
		BC53B8FB146C409200B14231 /* AppDelegate.m in Sources */ = {isa = PBXBuildFile; fileRef = BC53B8FA146C409200B14231 /* AppDelegate.m */; };
		BC53B8FE146C409200B14231 /* ViewController.m in Sources */ = {isa = PBXBuildFile; fileRef = BC53B8FD146C409200B14231 /* ViewController.m */; };
		BC53B901146C409200B14231 /* ViewController.xib in Resources */ = {isa = PBXBuildFile; fileRef = BC53B8FF146C409200B14231 /* ViewController.xib */; };
		BC53B908146C43FF00B14231 /* libxml2.dylib in Frameworks */ = {isa = PBXBuildFile; fileRef = BC53B907146C43FF00B14231 /* libxml2.dylib */; };
		BC53B91B146C4E8200B14231 /* signin_facebook.png in Resources */ = {isa = PBXBuildFile; fileRef = BC53B919146C4E8200B14231 /* signin_facebook.png */; };
		BC53B91C146C4E8200B14231 /* signin_twitter.png in Resources */ = {isa = PBXBuildFile; fileRef = BC53B91A146C4E8200B14231 /* signin_twitter.png */; };
		BC53B921146C501800B14231 /* signin_facebook_Down.png in Resources */ = {isa = PBXBuildFile; fileRef = BC53B91D146C501800B14231 /* signin_facebook_Down.png */; };
		BC53B922146C501800B14231 /* signin_facebook_Up.png in Resources */ = {isa = PBXBuildFile; fileRef = BC53B91E146C501800B14231 /* signin_facebook_Up.png */; };
		BC53B923146C501800B14231 /* signin_twitter_Down.png in Resources */ = {isa = PBXBuildFile; fileRef = BC53B91F146C501800B14231 /* signin_twitter_Down.png */; };
		BC53B924146C501800B14231 /* signin_twitter_Up.png in Resources */ = {isa = PBXBuildFile; fileRef = BC53B920146C501800B14231 /* signin_twitter_Up.png */; };
		BCDC956214AB63F000D54631 /* libfacebook_ios_sdk.ub.a in Frameworks */ = {isa = PBXBuildFile; fileRef = BCDC954E14AB63F000D54631 /* libfacebook_ios_sdk.ub.a */; };
		BCDC956314AB63F000D54631 /* libOAuthConsumer_iPhone.ub.a in Frameworks */ = {isa = PBXBuildFile; fileRef = BCDC954F14AB63F000D54631 /* libOAuthConsumer_iPhone.ub.a */; };
		BCDC956414AB63F000D54631 /* FacebookSessionManager.m in Sources */ = {isa = PBXBuildFile; fileRef = BCDC955214AB63F000D54631 /* FacebookSessionManager.m */; };
		BCDC956514AB63F000D54631 /* SessionManager.m in Sources */ = {isa = PBXBuildFile; fileRef = BCDC955414AB63F000D54631 /* SessionManager.m */; };
		BCDC956614AB63F000D54631 /* TwitterSessionManager.m in Sources */ = {isa = PBXBuildFile; fileRef = BCDC955614AB63F000D54631 /* TwitterSessionManager.m */; };
		BCDC956714AB63F000D54631 /* TwitterAccountsViewController.m in Sources */ = {isa = PBXBuildFile; fileRef = BCDC955914AB63F000D54631 /* TwitterAccountsViewController.m */; };
		BCDC956814AB63F000D54631 /* TwitterAccountsViewController.xib in Resources */ = {isa = PBXBuildFile; fileRef = BCDC955A14AB63F000D54631 /* TwitterAccountsViewController.xib */; };
		BCDC956914AB63F000D54631 /* TwitteriOSSessionManager.m in Sources */ = {isa = PBXBuildFile; fileRef = BCDC955C14AB63F000D54631 /* TwitteriOSSessionManager.m */; };
		BCDC956A14AB63F000D54631 /* TwitterOAuthSessionManager.m in Sources */ = {isa = PBXBuildFile; fileRef = BCDC955E14AB63F000D54631 /* TwitterOAuthSessionManager.m */; };
		BCDC956B14AB63F000D54631 /* TwitterSigninViewController.m in Sources */ = {isa = PBXBuildFile; fileRef = BCDC956014AB63F000D54631 /* TwitterSigninViewController.m */; };
		BCDC956C14AB63F000D54631 /* TwitterSigninViewController.xib in Resources */ = {isa = PBXBuildFile; fileRef = BCDC956114AB63F000D54631 /* TwitterSigninViewController.xib */; };
		BCDC957614AB7A5D00D54631 /* SA_OAuthTwitterController.m in Sources */ = {isa = PBXBuildFile; fileRef = BCDC957214AB7A5D00D54631 /* SA_OAuthTwitterController.m */; };
		BCDC957714AB7A5D00D54631 /* SA_OAuthTwitterEngine.m in Sources */ = {isa = PBXBuildFile; fileRef = BCDC957414AB7A5D00D54631 /* SA_OAuthTwitterEngine.m */; };
		BCDC957814AB7A5D00D54631 /* twitter_load.png in Resources */ = {isa = PBXBuildFile; fileRef = BCDC957514AB7A5D00D54631 /* twitter_load.png */; };
		BCDC959A14AB7AA500D54631 /* MGTwitterEngine.m in Sources */ = {isa = PBXBuildFile; fileRef = BCDC957B14AB7AA500D54631 /* MGTwitterEngine.m */; };
		BCDC959B14AB7AA500D54631 /* MGTwitterHTTPURLConnection.m in Sources */ = {isa = PBXBuildFile; fileRef = BCDC957F14AB7AA500D54631 /* MGTwitterHTTPURLConnection.m */; };
		BCDC959C14AB7AA500D54631 /* MGTwitterLibXMLParser.m in Sources */ = {isa = PBXBuildFile; fileRef = BCDC958114AB7AA500D54631 /* MGTwitterLibXMLParser.m */; };
		BCDC959D14AB7AA500D54631 /* MGTwitterMessagesLibXMLParser.m in Sources */ = {isa = PBXBuildFile; fileRef = BCDC958314AB7AA500D54631 /* MGTwitterMessagesLibXMLParser.m */; };
		BCDC959E14AB7AA500D54631 /* MGTwitterMessagesParser.m in Sources */ = {isa = PBXBuildFile; fileRef = BCDC958514AB7AA500D54631 /* MGTwitterMessagesParser.m */; };
		BCDC959F14AB7AA500D54631 /* MGTwitterMiscLibXMLParser.m in Sources */ = {isa = PBXBuildFile; fileRef = BCDC958714AB7AA500D54631 /* MGTwitterMiscLibXMLParser.m */; };
		BCDC95A014AB7AA500D54631 /* MGTwitterMiscParser.m in Sources */ = {isa = PBXBuildFile; fileRef = BCDC958914AB7AA500D54631 /* MGTwitterMiscParser.m */; };
		BCDC95A114AB7AA500D54631 /* MGTwitterStatusesLibXMLParser.m in Sources */ = {isa = PBXBuildFile; fileRef = BCDC958D14AB7AA500D54631 /* MGTwitterStatusesLibXMLParser.m */; };
		BCDC95A214AB7AA500D54631 /* MGTwitterStatusesParser.m in Sources */ = {isa = PBXBuildFile; fileRef = BCDC958F14AB7AA500D54631 /* MGTwitterStatusesParser.m */; };
		BCDC95A314AB7AA500D54631 /* MGTwitterUsersLibXMLParser.m in Sources */ = {isa = PBXBuildFile; fileRef = BCDC959114AB7AA500D54631 /* MGTwitterUsersLibXMLParser.m */; };
		BCDC95A414AB7AA500D54631 /* MGTwitterUsersParser.m in Sources */ = {isa = PBXBuildFile; fileRef = BCDC959314AB7AA500D54631 /* MGTwitterUsersParser.m */; };
		BCDC95A514AB7AA500D54631 /* MGTwitterXMLParser.m in Sources */ = {isa = PBXBuildFile; fileRef = BCDC959514AB7AA500D54631 /* MGTwitterXMLParser.m */; };
		BCDC95A614AB7AA500D54631 /* NSData+Base64.m in Sources */ = {isa = PBXBuildFile; fileRef = BCDC959714AB7AA500D54631 /* NSData+Base64.m */; };
		BCDC95A714AB7AA500D54631 /* NSString+UUID.m in Sources */ = {isa = PBXBuildFile; fileRef = BCDC959914AB7AA500D54631 /* NSString+UUID.m */; };
		BCE3F12E1472A7A500641D82 /* Accounts.framework in Frameworks */ = {isa = PBXBuildFile; fileRef = BCE3F12D1472A7A500641D82 /* Accounts.framework */; };
		BCE3F1301472A7AB00641D82 /* Twitter.framework in Frameworks */ = {isa = PBXBuildFile; fileRef = BCE3F12F1472A7AB00641D82 /* Twitter.framework */; };
/* End PBXBuildFile section */

/* Begin PBXFileReference section */
		BC299B0A1475114D00EA161D /* Version.h */ = {isa = PBXFileReference; fileEncoding = 4; lastKnownFileType = sourcecode.c.h; path = Version.h; sourceTree = "<group>"; };
		BC2B0AC414743B790074B97F /* SFHFKeychainUtils.h */ = {isa = PBXFileReference; fileEncoding = 4; lastKnownFileType = sourcecode.c.h; path = SFHFKeychainUtils.h; sourceTree = "<group>"; };
		BC2B0AC514743B790074B97F /* SFHFKeychainUtils.m */ = {isa = PBXFileReference; fileEncoding = 4; lastKnownFileType = sourcecode.c.objc; path = SFHFKeychainUtils.m; sourceTree = "<group>"; };
		BC2B0AC7147440E10074B97F /* Security.framework */ = {isa = PBXFileReference; lastKnownFileType = wrapper.framework; name = Security.framework; path = System/Library/Frameworks/Security.framework; sourceTree = SDKROOT; };
		BC53B8E6146C409200B14231 /* testFBConnect_And_TwitterConnect.app */ = {isa = PBXFileReference; explicitFileType = wrapper.application; includeInIndex = 0; path = testFBConnect_And_TwitterConnect.app; sourceTree = BUILT_PRODUCTS_DIR; };
		BC53B8EA146C409200B14231 /* UIKit.framework */ = {isa = PBXFileReference; lastKnownFileType = wrapper.framework; name = UIKit.framework; path = System/Library/Frameworks/UIKit.framework; sourceTree = SDKROOT; };
		BC53B8EC146C409200B14231 /* Foundation.framework */ = {isa = PBXFileReference; lastKnownFileType = wrapper.framework; name = Foundation.framework; path = System/Library/Frameworks/Foundation.framework; sourceTree = SDKROOT; };
		BC53B8EE146C409200B14231 /* CoreGraphics.framework */ = {isa = PBXFileReference; lastKnownFileType = wrapper.framework; name = CoreGraphics.framework; path = System/Library/Frameworks/CoreGraphics.framework; sourceTree = SDKROOT; };
		BC53B8F2146C409200B14231 /* testFBConnect_And_TwitterConnect-Info.plist */ = {isa = PBXFileReference; lastKnownFileType = text.plist.xml; path = "testFBConnect_And_TwitterConnect-Info.plist"; sourceTree = "<group>"; };
		BC53B8F4146C409200B14231 /* en */ = {isa = PBXFileReference; lastKnownFileType = text.plist.strings; name = en; path = en.lproj/InfoPlist.strings; sourceTree = "<group>"; };
		BC53B8F6146C409200B14231 /* main.m */ = {isa = PBXFileReference; lastKnownFileType = sourcecode.c.objc; path = main.m; sourceTree = "<group>"; };
		BC53B8F8146C409200B14231 /* testFBConnect_And_TwitterConnect-Prefix.pch */ = {isa = PBXFileReference; lastKnownFileType = sourcecode.c.h; path = "testFBConnect_And_TwitterConnect-Prefix.pch"; sourceTree = "<group>"; };
		BC53B8F9146C409200B14231 /* AppDelegate.h */ = {isa = PBXFileReference; lastKnownFileType = sourcecode.c.h; path = AppDelegate.h; sourceTree = "<group>"; };
		BC53B8FA146C409200B14231 /* AppDelegate.m */ = {isa = PBXFileReference; lastKnownFileType = sourcecode.c.objc; path = AppDelegate.m; sourceTree = "<group>"; };
		BC53B8FC146C409200B14231 /* ViewController.h */ = {isa = PBXFileReference; lastKnownFileType = sourcecode.c.h; path = ViewController.h; sourceTree = "<group>"; };
		BC53B8FD146C409200B14231 /* ViewController.m */ = {isa = PBXFileReference; lastKnownFileType = sourcecode.c.objc; path = ViewController.m; sourceTree = "<group>"; };
		BC53B900146C409200B14231 /* en */ = {isa = PBXFileReference; lastKnownFileType = file.xib; name = en; path = en.lproj/ViewController.xib; sourceTree = "<group>"; };
		BC53B907146C43FF00B14231 /* libxml2.dylib */ = {isa = PBXFileReference; lastKnownFileType = "compiled.mach-o.dylib"; name = libxml2.dylib; path = usr/lib/libxml2.dylib; sourceTree = SDKROOT; };
		BC53B919146C4E8200B14231 /* signin_facebook.png */ = {isa = PBXFileReference; lastKnownFileType = image.png; path = signin_facebook.png; sourceTree = "<group>"; };
		BC53B91A146C4E8200B14231 /* signin_twitter.png */ = {isa = PBXFileReference; lastKnownFileType = image.png; path = signin_twitter.png; sourceTree = "<group>"; };
		BC53B91D146C501800B14231 /* signin_facebook_Down.png */ = {isa = PBXFileReference; lastKnownFileType = image.png; path = signin_facebook_Down.png; sourceTree = "<group>"; };
		BC53B91E146C501800B14231 /* signin_facebook_Up.png */ = {isa = PBXFileReference; lastKnownFileType = image.png; path = signin_facebook_Up.png; sourceTree = "<group>"; };
		BC53B91F146C501800B14231 /* signin_twitter_Down.png */ = {isa = PBXFileReference; lastKnownFileType = image.png; path = signin_twitter_Down.png; sourceTree = "<group>"; };
		BC53B920146C501800B14231 /* signin_twitter_Up.png */ = {isa = PBXFileReference; lastKnownFileType = image.png; path = signin_twitter_Up.png; sourceTree = "<group>"; };
		BCDC954E14AB63F000D54631 /* libfacebook_ios_sdk.ub.a */ = {isa = PBXFileReference; lastKnownFileType = archive.ar; path = libfacebook_ios_sdk.ub.a; sourceTree = "<group>"; };
		BCDC954F14AB63F000D54631 /* libOAuthConsumer_iPhone.ub.a */ = {isa = PBXFileReference; lastKnownFileType = archive.ar; path = libOAuthConsumer_iPhone.ub.a; sourceTree = "<group>"; };
		BCDC955114AB63F000D54631 /* FacebookSessionManager.h */ = {isa = PBXFileReference; fileEncoding = 4; lastKnownFileType = sourcecode.c.h; path = FacebookSessionManager.h; sourceTree = "<group>"; };
		BCDC955214AB63F000D54631 /* FacebookSessionManager.m */ = {isa = PBXFileReference; fileEncoding = 4; lastKnownFileType = sourcecode.c.objc; path = FacebookSessionManager.m; sourceTree = "<group>"; };
		BCDC955314AB63F000D54631 /* SessionManager.h */ = {isa = PBXFileReference; fileEncoding = 4; lastKnownFileType = sourcecode.c.h; path = SessionManager.h; sourceTree = "<group>"; };
		BCDC955414AB63F000D54631 /* SessionManager.m */ = {isa = PBXFileReference; fileEncoding = 4; lastKnownFileType = sourcecode.c.objc; path = SessionManager.m; sourceTree = "<group>"; };
		BCDC955514AB63F000D54631 /* TwitterSessionManager.h */ = {isa = PBXFileReference; fileEncoding = 4; lastKnownFileType = sourcecode.c.h; path = TwitterSessionManager.h; sourceTree = "<group>"; };
		BCDC955614AB63F000D54631 /* TwitterSessionManager.m */ = {isa = PBXFileReference; fileEncoding = 4; lastKnownFileType = sourcecode.c.objc; path = TwitterSessionManager.m; sourceTree = "<group>"; };
		BCDC955814AB63F000D54631 /* TwitterAccountsViewController.h */ = {isa = PBXFileReference; fileEncoding = 4; lastKnownFileType = sourcecode.c.h; path = TwitterAccountsViewController.h; sourceTree = "<group>"; };
		BCDC955914AB63F000D54631 /* TwitterAccountsViewController.m */ = {isa = PBXFileReference; fileEncoding = 4; lastKnownFileType = sourcecode.c.objc; path = TwitterAccountsViewController.m; sourceTree = "<group>"; };
		BCDC955A14AB63F000D54631 /* TwitterAccountsViewController.xib */ = {isa = PBXFileReference; fileEncoding = 4; lastKnownFileType = file.xib; path = TwitterAccountsViewController.xib; sourceTree = "<group>"; };
		BCDC955B14AB63F000D54631 /* TwitteriOSSessionManager.h */ = {isa = PBXFileReference; fileEncoding = 4; lastKnownFileType = sourcecode.c.h; path = TwitteriOSSessionManager.h; sourceTree = "<group>"; };
		BCDC955C14AB63F000D54631 /* TwitteriOSSessionManager.m */ = {isa = PBXFileReference; fileEncoding = 4; lastKnownFileType = sourcecode.c.objc; path = TwitteriOSSessionManager.m; sourceTree = "<group>"; };
		BCDC955D14AB63F000D54631 /* TwitterOAuthSessionManager.h */ = {isa = PBXFileReference; fileEncoding = 4; lastKnownFileType = sourcecode.c.h; path = TwitterOAuthSessionManager.h; sourceTree = "<group>"; };
		BCDC955E14AB63F000D54631 /* TwitterOAuthSessionManager.m */ = {isa = PBXFileReference; fileEncoding = 4; lastKnownFileType = sourcecode.c.objc; path = TwitterOAuthSessionManager.m; sourceTree = "<group>"; };
		BCDC955F14AB63F000D54631 /* TwitterSigninViewController.h */ = {isa = PBXFileReference; fileEncoding = 4; lastKnownFileType = sourcecode.c.h; path = TwitterSigninViewController.h; sourceTree = "<group>"; };
		BCDC956014AB63F000D54631 /* TwitterSigninViewController.m */ = {isa = PBXFileReference; fileEncoding = 4; lastKnownFileType = sourcecode.c.objc; path = TwitterSigninViewController.m; sourceTree = "<group>"; };
		BCDC956114AB63F000D54631 /* TwitterSigninViewController.xib */ = {isa = PBXFileReference; fileEncoding = 4; lastKnownFileType = file.xib; path = TwitterSigninViewController.xib; sourceTree = "<group>"; };
		BCDC957114AB7A5D00D54631 /* SA_OAuthTwitterController.h */ = {isa = PBXFileReference; fileEncoding = 4; lastKnownFileType = sourcecode.c.h; path = SA_OAuthTwitterController.h; sourceTree = "<group>"; };
		BCDC957214AB7A5D00D54631 /* SA_OAuthTwitterController.m */ = {isa = PBXFileReference; fileEncoding = 4; lastKnownFileType = sourcecode.c.objc; path = SA_OAuthTwitterController.m; sourceTree = "<group>"; };
		BCDC957314AB7A5D00D54631 /* SA_OAuthTwitterEngine.h */ = {isa = PBXFileReference; fileEncoding = 4; lastKnownFileType = sourcecode.c.h; path = SA_OAuthTwitterEngine.h; sourceTree = "<group>"; };
		BCDC957414AB7A5D00D54631 /* SA_OAuthTwitterEngine.m */ = {isa = PBXFileReference; fileEncoding = 4; lastKnownFileType = sourcecode.c.objc; path = SA_OAuthTwitterEngine.m; sourceTree = "<group>"; };
		BCDC957514AB7A5D00D54631 /* twitter_load.png */ = {isa = PBXFileReference; lastKnownFileType = image.png; path = twitter_load.png; sourceTree = "<group>"; };
		BCDC957A14AB7AA500D54631 /* MGTwitterEngine.h */ = {isa = PBXFileReference; fileEncoding = 4; lastKnownFileType = sourcecode.c.h; path = MGTwitterEngine.h; sourceTree = "<group>"; };
		BCDC957B14AB7AA500D54631 /* MGTwitterEngine.m */ = {isa = PBXFileReference; fileEncoding = 4; lastKnownFileType = sourcecode.c.objc; path = MGTwitterEngine.m; sourceTree = "<group>"; };
		BCDC957C14AB7AA500D54631 /* MGTwitterEngineDelegate.h */ = {isa = PBXFileReference; fileEncoding = 4; lastKnownFileType = sourcecode.c.h; path = MGTwitterEngineDelegate.h; sourceTree = "<group>"; };
		BCDC957D14AB7AA500D54631 /* MGTwitterEngineGlobalHeader.h */ = {isa = PBXFileReference; fileEncoding = 4; lastKnownFileType = sourcecode.c.h; path = MGTwitterEngineGlobalHeader.h; sourceTree = "<group>"; };
		BCDC957E14AB7AA500D54631 /* MGTwitterHTTPURLConnection.h */ = {isa = PBXFileReference; fileEncoding = 4; lastKnownFileType = sourcecode.c.h; path = MGTwitterHTTPURLConnection.h; sourceTree = "<group>"; };
		BCDC957F14AB7AA500D54631 /* MGTwitterHTTPURLConnection.m */ = {isa = PBXFileReference; fileEncoding = 4; lastKnownFileType = sourcecode.c.objc; path = MGTwitterHTTPURLConnection.m; sourceTree = "<group>"; };
		BCDC958014AB7AA500D54631 /* MGTwitterLibXMLParser.h */ = {isa = PBXFileReference; fileEncoding = 4; lastKnownFileType = sourcecode.c.h; path = MGTwitterLibXMLParser.h; sourceTree = "<group>"; };
		BCDC958114AB7AA500D54631 /* MGTwitterLibXMLParser.m */ = {isa = PBXFileReference; fileEncoding = 4; lastKnownFileType = sourcecode.c.objc; path = MGTwitterLibXMLParser.m; sourceTree = "<group>"; };
		BCDC958214AB7AA500D54631 /* MGTwitterMessagesLibXMLParser.h */ = {isa = PBXFileReference; fileEncoding = 4; lastKnownFileType = sourcecode.c.h; path = MGTwitterMessagesLibXMLParser.h; sourceTree = "<group>"; };
		BCDC958314AB7AA500D54631 /* MGTwitterMessagesLibXMLParser.m */ = {isa = PBXFileReference; fileEncoding = 4; lastKnownFileType = sourcecode.c.objc; path = MGTwitterMessagesLibXMLParser.m; sourceTree = "<group>"; };
		BCDC958414AB7AA500D54631 /* MGTwitterMessagesParser.h */ = {isa = PBXFileReference; fileEncoding = 4; lastKnownFileType = sourcecode.c.h; path = MGTwitterMessagesParser.h; sourceTree = "<group>"; };
		BCDC958514AB7AA500D54631 /* MGTwitterMessagesParser.m */ = {isa = PBXFileReference; fileEncoding = 4; lastKnownFileType = sourcecode.c.objc; path = MGTwitterMessagesParser.m; sourceTree = "<group>"; };
		BCDC958614AB7AA500D54631 /* MGTwitterMiscLibXMLParser.h */ = {isa = PBXFileReference; fileEncoding = 4; lastKnownFileType = sourcecode.c.h; path = MGTwitterMiscLibXMLParser.h; sourceTree = "<group>"; };
		BCDC958714AB7AA500D54631 /* MGTwitterMiscLibXMLParser.m */ = {isa = PBXFileReference; fileEncoding = 4; lastKnownFileType = sourcecode.c.objc; path = MGTwitterMiscLibXMLParser.m; sourceTree = "<group>"; };
		BCDC958814AB7AA500D54631 /* MGTwitterMiscParser.h */ = {isa = PBXFileReference; fileEncoding = 4; lastKnownFileType = sourcecode.c.h; path = MGTwitterMiscParser.h; sourceTree = "<group>"; };
		BCDC958914AB7AA500D54631 /* MGTwitterMiscParser.m */ = {isa = PBXFileReference; fileEncoding = 4; lastKnownFileType = sourcecode.c.objc; path = MGTwitterMiscParser.m; sourceTree = "<group>"; };
		BCDC958A14AB7AA500D54631 /* MGTwitterParserDelegate.h */ = {isa = PBXFileReference; fileEncoding = 4; lastKnownFileType = sourcecode.c.h; path = MGTwitterParserDelegate.h; sourceTree = "<group>"; };
		BCDC958B14AB7AA500D54631 /* MGTwitterRequestTypes.h */ = {isa = PBXFileReference; fileEncoding = 4; lastKnownFileType = sourcecode.c.h; path = MGTwitterRequestTypes.h; sourceTree = "<group>"; };
		BCDC958C14AB7AA500D54631 /* MGTwitterStatusesLibXMLParser.h */ = {isa = PBXFileReference; fileEncoding = 4; lastKnownFileType = sourcecode.c.h; path = MGTwitterStatusesLibXMLParser.h; sourceTree = "<group>"; };
		BCDC958D14AB7AA500D54631 /* MGTwitterStatusesLibXMLParser.m */ = {isa = PBXFileReference; fileEncoding = 4; lastKnownFileType = sourcecode.c.objc; path = MGTwitterStatusesLibXMLParser.m; sourceTree = "<group>"; };
		BCDC958E14AB7AA500D54631 /* MGTwitterStatusesParser.h */ = {isa = PBXFileReference; fileEncoding = 4; lastKnownFileType = sourcecode.c.h; path = MGTwitterStatusesParser.h; sourceTree = "<group>"; };
		BCDC958F14AB7AA500D54631 /* MGTwitterStatusesParser.m */ = {isa = PBXFileReference; fileEncoding = 4; lastKnownFileType = sourcecode.c.objc; path = MGTwitterStatusesParser.m; sourceTree = "<group>"; };
		BCDC959014AB7AA500D54631 /* MGTwitterUsersLibXMLParser.h */ = {isa = PBXFileReference; fileEncoding = 4; lastKnownFileType = sourcecode.c.h; path = MGTwitterUsersLibXMLParser.h; sourceTree = "<group>"; };
		BCDC959114AB7AA500D54631 /* MGTwitterUsersLibXMLParser.m */ = {isa = PBXFileReference; fileEncoding = 4; lastKnownFileType = sourcecode.c.objc; path = MGTwitterUsersLibXMLParser.m; sourceTree = "<group>"; };
		BCDC959214AB7AA500D54631 /* MGTwitterUsersParser.h */ = {isa = PBXFileReference; fileEncoding = 4; lastKnownFileType = sourcecode.c.h; path = MGTwitterUsersParser.h; sourceTree = "<group>"; };
		BCDC959314AB7AA500D54631 /* MGTwitterUsersParser.m */ = {isa = PBXFileReference; fileEncoding = 4; lastKnownFileType = sourcecode.c.objc; path = MGTwitterUsersParser.m; sourceTree = "<group>"; };
		BCDC959414AB7AA500D54631 /* MGTwitterXMLParser.h */ = {isa = PBXFileReference; fileEncoding = 4; lastKnownFileType = sourcecode.c.h; path = MGTwitterXMLParser.h; sourceTree = "<group>"; };
		BCDC959514AB7AA500D54631 /* MGTwitterXMLParser.m */ = {isa = PBXFileReference; fileEncoding = 4; lastKnownFileType = sourcecode.c.objc; path = MGTwitterXMLParser.m; sourceTree = "<group>"; };
		BCDC959614AB7AA500D54631 /* NSData+Base64.h */ = {isa = PBXFileReference; fileEncoding = 4; lastKnownFileType = sourcecode.c.h; path = "NSData+Base64.h"; sourceTree = "<group>"; };
		BCDC959714AB7AA500D54631 /* NSData+Base64.m */ = {isa = PBXFileReference; fileEncoding = 4; lastKnownFileType = sourcecode.c.objc; path = "NSData+Base64.m"; sourceTree = "<group>"; };
		BCDC959814AB7AA500D54631 /* NSString+UUID.h */ = {isa = PBXFileReference; fileEncoding = 4; lastKnownFileType = sourcecode.c.h; path = "NSString+UUID.h"; sourceTree = "<group>"; };
		BCDC959914AB7AA500D54631 /* NSString+UUID.m */ = {isa = PBXFileReference; fileEncoding = 4; lastKnownFileType = sourcecode.c.objc; path = "NSString+UUID.m"; sourceTree = "<group>"; };
		BCE3F12D1472A7A500641D82 /* Accounts.framework */ = {isa = PBXFileReference; lastKnownFileType = wrapper.framework; name = Accounts.framework; path = System/Library/Frameworks/Accounts.framework; sourceTree = SDKROOT; };
		BCE3F12F1472A7AB00641D82 /* Twitter.framework */ = {isa = PBXFileReference; lastKnownFileType = wrapper.framework; name = Twitter.framework; path = System/Library/Frameworks/Twitter.framework; sourceTree = SDKROOT; };
/* End PBXFileReference section */

/* Begin PBXFrameworksBuildPhase section */
		BC53B8E3146C409200B14231 /* Frameworks */ = {
			isa = PBXFrameworksBuildPhase;
			buildActionMask = 2147483647;
			files = (
				BC2B0AC8147440E10074B97F /* Security.framework in Frameworks */,
				BCE3F1301472A7AB00641D82 /* Twitter.framework in Frameworks */,
				BCE3F12E1472A7A500641D82 /* Accounts.framework in Frameworks */,
				BC53B908146C43FF00B14231 /* libxml2.dylib in Frameworks */,
				BC53B8EB146C409200B14231 /* UIKit.framework in Frameworks */,
				BC53B8ED146C409200B14231 /* Foundation.framework in Frameworks */,
				BC53B8EF146C409200B14231 /* CoreGraphics.framework in Frameworks */,
				BCDC956214AB63F000D54631 /* libfacebook_ios_sdk.ub.a in Frameworks */,
				BCDC956314AB63F000D54631 /* libOAuthConsumer_iPhone.ub.a in Frameworks */,
			);
			runOnlyForDeploymentPostprocessing = 0;
		};
/* End PBXFrameworksBuildPhase section */

/* Begin PBXGroup section */
		BC299B091475114D00EA161D /* Version */ = {
			isa = PBXGroup;
			children = (
				BC299B0A1475114D00EA161D /* Version.h */,
			);
			name = Version;
			path = ../../LibTools/Version;
			sourceTree = "<group>";
		};
		BC2B0AC314743B790074B97F /* Security */ = {
			isa = PBXGroup;
			children = (
				BC2B0AC414743B790074B97F /* SFHFKeychainUtils.h */,
				BC2B0AC514743B790074B97F /* SFHFKeychainUtils.m */,
			);
			name = Security;
			path = ../../LibTools/Security;
			sourceTree = "<group>";
		};
		BC53B8DB146C409100B14231 = {
			isa = PBXGroup;
			children = (
				BC53B918146C4E8200B14231 /* resources */,
				BC53B909146C440C00B14231 /* LibTools */,
				BC53B8F0146C409200B14231 /* testFBConnect_And_TwitterConnect */,
				BC53B8E9146C409200B14231 /* Frameworks */,
				BC53B8E7146C409200B14231 /* Products */,
			);
			sourceTree = "<group>";
		};
		BC53B8E7146C409200B14231 /* Products */ = {
			isa = PBXGroup;
			children = (
				BC53B8E6146C409200B14231 /* testFBConnect_And_TwitterConnect.app */,
			);
			name = Products;
			sourceTree = "<group>";
		};
		BC53B8E9146C409200B14231 /* Frameworks */ = {
			isa = PBXGroup;
			children = (
				BC2B0AC7147440E10074B97F /* Security.framework */,
				BCE3F12F1472A7AB00641D82 /* Twitter.framework */,
				BCE3F12D1472A7A500641D82 /* Accounts.framework */,
				BC53B907146C43FF00B14231 /* libxml2.dylib */,
				BC53B8EA146C409200B14231 /* UIKit.framework */,
				BC53B8EC146C409200B14231 /* Foundation.framework */,
				BC53B8EE146C409200B14231 /* CoreGraphics.framework */,
			);
			name = Frameworks;
			sourceTree = "<group>";
		};
		BC53B8F0146C409200B14231 /* testFBConnect_And_TwitterConnect */ = {
			isa = PBXGroup;
			children = (
				BC53B8F9146C409200B14231 /* AppDelegate.h */,
				BC53B8FA146C409200B14231 /* AppDelegate.m */,
				BC53B8FC146C409200B14231 /* ViewController.h */,
				BC53B8FD146C409200B14231 /* ViewController.m */,
				BC53B8FF146C409200B14231 /* ViewController.xib */,
				BC53B8F1146C409200B14231 /* Supporting Files */,
			);
			path = testFBConnect_And_TwitterConnect;
			sourceTree = "<group>";
		};
		BC53B8F1146C409200B14231 /* Supporting Files */ = {
			isa = PBXGroup;
			children = (
				BC53B8F2146C409200B14231 /* testFBConnect_And_TwitterConnect-Info.plist */,
				BC53B8F3146C409200B14231 /* InfoPlist.strings */,
				BC53B8F6146C409200B14231 /* main.m */,
				BC53B8F8146C409200B14231 /* testFBConnect_And_TwitterConnect-Prefix.pch */,
			);
			name = "Supporting Files";
			sourceTree = "<group>";
		};
		BC53B909146C440C00B14231 /* LibTools */ = {
			isa = PBXGroup;
			children = (
				BCDC957914AB7AA500D54631 /* MGTwitterEngine */,
				BCDC957014AB7A5D00D54631 /* SAOAuthTwitterEngine */,
				BCDC954C14AB63F000D54631 /* SocialSessionManager */,
				BC299B091475114D00EA161D /* Version */,
				BC2B0AC314743B790074B97F /* Security */,
			);
			name = LibTools;
			sourceTree = "<group>";
		};
		BC53B918146C4E8200B14231 /* resources */ = {
			isa = PBXGroup;
			children = (
				BC53B91D146C501800B14231 /* signin_facebook_Down.png */,
				BC53B91E146C501800B14231 /* signin_facebook_Up.png */,
				BC53B91F146C501800B14231 /* signin_twitter_Down.png */,
				BC53B920146C501800B14231 /* signin_twitter_Up.png */,
				BC53B919146C4E8200B14231 /* signin_facebook.png */,
				BC53B91A146C4E8200B14231 /* signin_twitter.png */,
			);
			path = resources;
			sourceTree = "<group>";
		};
		BCDC954C14AB63F000D54631 /* SocialSessionManager */ = {
			isa = PBXGroup;
			children = (
				BCDC954D14AB63F000D54631 /* deps */,
				BCDC955014AB63F000D54631 /* SessionManager */,
				BCDC955714AB63F000D54631 /* Twitter */,
			);
			name = SocialSessionManager;
			path = ../../LibTools/SocialSessionManager;
			sourceTree = "<group>";
		};
		BCDC954D14AB63F000D54631 /* deps */ = {
			isa = PBXGroup;
			children = (
				BCDC954E14AB63F000D54631 /* libfacebook_ios_sdk.ub.a */,
				BCDC954F14AB63F000D54631 /* libOAuthConsumer_iPhone.ub.a */,
			);
			path = deps;
			sourceTree = "<group>";
		};
		BCDC955014AB63F000D54631 /* SessionManager */ = {
			isa = PBXGroup;
			children = (
				BCDC955114AB63F000D54631 /* FacebookSessionManager.h */,
				BCDC955214AB63F000D54631 /* FacebookSessionManager.m */,
				BCDC955314AB63F000D54631 /* SessionManager.h */,
				BCDC955414AB63F000D54631 /* SessionManager.m */,
				BCDC955514AB63F000D54631 /* TwitterSessionManager.h */,
				BCDC955614AB63F000D54631 /* TwitterSessionManager.m */,
			);
			path = SessionManager;
			sourceTree = "<group>";
		};
		BCDC955714AB63F000D54631 /* Twitter */ = {
			isa = PBXGroup;
			children = (
				BCDC955814AB63F000D54631 /* TwitterAccountsViewController.h */,
				BCDC955914AB63F000D54631 /* TwitterAccountsViewController.m */,
				BCDC955A14AB63F000D54631 /* TwitterAccountsViewController.xib */,
				BCDC955B14AB63F000D54631 /* TwitteriOSSessionManager.h */,
				BCDC955C14AB63F000D54631 /* TwitteriOSSessionManager.m */,
				BCDC955D14AB63F000D54631 /* TwitterOAuthSessionManager.h */,
				BCDC955E14AB63F000D54631 /* TwitterOAuthSessionManager.m */,
				BCDC955F14AB63F000D54631 /* TwitterSigninViewController.h */,
				BCDC956014AB63F000D54631 /* TwitterSigninViewController.m */,
				BCDC956114AB63F000D54631 /* TwitterSigninViewController.xib */,
			);
			path = Twitter;
			sourceTree = "<group>";
		};
		BCDC957014AB7A5D00D54631 /* SAOAuthTwitterEngine */ = {
			isa = PBXGroup;
			children = (
				BCDC957114AB7A5D00D54631 /* SA_OAuthTwitterController.h */,
				BCDC957214AB7A5D00D54631 /* SA_OAuthTwitterController.m */,
				BCDC957314AB7A5D00D54631 /* SA_OAuthTwitterEngine.h */,
				BCDC957414AB7A5D00D54631 /* SA_OAuthTwitterEngine.m */,
				BCDC957514AB7A5D00D54631 /* twitter_load.png */,
			);
			name = SAOAuthTwitterEngine;
			path = "../../LibTools/Twitter-OAuth-iPhone/Twitter+OAuth/SAOAuthTwitterEngine";
			sourceTree = "<group>";
		};
		BCDC957914AB7AA500D54631 /* MGTwitterEngine */ = {
			isa = PBXGroup;
			children = (
				BCDC957A14AB7AA500D54631 /* MGTwitterEngine.h */,
				BCDC957B14AB7AA500D54631 /* MGTwitterEngine.m */,
				BCDC957C14AB7AA500D54631 /* MGTwitterEngineDelegate.h */,
				BCDC957D14AB7AA500D54631 /* MGTwitterEngineGlobalHeader.h */,
				BCDC957E14AB7AA500D54631 /* MGTwitterHTTPURLConnection.h */,
				BCDC957F14AB7AA500D54631 /* MGTwitterHTTPURLConnection.m */,
				BCDC958014AB7AA500D54631 /* MGTwitterLibXMLParser.h */,
				BCDC958114AB7AA500D54631 /* MGTwitterLibXMLParser.m */,
				BCDC958214AB7AA500D54631 /* MGTwitterMessagesLibXMLParser.h */,
				BCDC958314AB7AA500D54631 /* MGTwitterMessagesLibXMLParser.m */,
				BCDC958414AB7AA500D54631 /* MGTwitterMessagesParser.h */,
				BCDC958514AB7AA500D54631 /* MGTwitterMessagesParser.m */,
				BCDC958614AB7AA500D54631 /* MGTwitterMiscLibXMLParser.h */,
				BCDC958714AB7AA500D54631 /* MGTwitterMiscLibXMLParser.m */,
				BCDC958814AB7AA500D54631 /* MGTwitterMiscParser.h */,
				BCDC958914AB7AA500D54631 /* MGTwitterMiscParser.m */,
				BCDC958A14AB7AA500D54631 /* MGTwitterParserDelegate.h */,
				BCDC958B14AB7AA500D54631 /* MGTwitterRequestTypes.h */,
				BCDC958C14AB7AA500D54631 /* MGTwitterStatusesLibXMLParser.h */,
				BCDC958D14AB7AA500D54631 /* MGTwitterStatusesLibXMLParser.m */,
				BCDC958E14AB7AA500D54631 /* MGTwitterStatusesParser.h */,
				BCDC958F14AB7AA500D54631 /* MGTwitterStatusesParser.m */,
				BCDC959014AB7AA500D54631 /* MGTwitterUsersLibXMLParser.h */,
				BCDC959114AB7AA500D54631 /* MGTwitterUsersLibXMLParser.m */,
				BCDC959214AB7AA500D54631 /* MGTwitterUsersParser.h */,
				BCDC959314AB7AA500D54631 /* MGTwitterUsersParser.m */,
				BCDC959414AB7AA500D54631 /* MGTwitterXMLParser.h */,
				BCDC959514AB7AA500D54631 /* MGTwitterXMLParser.m */,
				BCDC959614AB7AA500D54631 /* NSData+Base64.h */,
				BCDC959714AB7AA500D54631 /* NSData+Base64.m */,
				BCDC959814AB7AA500D54631 /* NSString+UUID.h */,
				BCDC959914AB7AA500D54631 /* NSString+UUID.m */,
			);
			name = MGTwitterEngine;
			path = "../../LibTools/Twitter-OAuth-iPhone/Twitter+OAuth/MGTwitterEngine";
			sourceTree = "<group>";
		};
/* End PBXGroup section */

/* Begin PBXNativeTarget section */
		BC53B8E5146C409200B14231 /* testFBConnect_And_TwitterConnect */ = {
			isa = PBXNativeTarget;
			buildConfigurationList = BC53B904146C409200B14231 /* Build configuration list for PBXNativeTarget "testFBConnect_And_TwitterConnect" */;
			buildPhases = (
				BC53B8E2146C409200B14231 /* Sources */,
				BC53B8E3146C409200B14231 /* Frameworks */,
				BC53B8E4146C409200B14231 /* Resources */,
			);
			buildRules = (
			);
			dependencies = (
			);
			name = testFBConnect_And_TwitterConnect;
			productName = testFBConnect_And_TwitterConnect;
			productReference = BC53B8E6146C409200B14231 /* testFBConnect_And_TwitterConnect.app */;
			productType = "com.apple.product-type.application";
		};
/* End PBXNativeTarget section */

/* Begin PBXProject section */
		BC53B8DD146C409100B14231 /* Project object */ = {
			isa = PBXProject;
			attributes = {
				LastUpgradeCheck = 0420;
			};
			buildConfigurationList = BC53B8E0146C409100B14231 /* Build configuration list for PBXProject "testFBConnect_And_TwitterConnect" */;
			compatibilityVersion = "Xcode 3.2";
			developmentRegion = English;
			hasScannedForEncodings = 0;
			knownRegions = (
				en,
			);
			mainGroup = BC53B8DB146C409100B14231;
			productRefGroup = BC53B8E7146C409200B14231 /* Products */;
			projectDirPath = "";
			projectRoot = "";
			targets = (
				BC53B8E5146C409200B14231 /* testFBConnect_And_TwitterConnect */,
			);
		};
/* End PBXProject section */

/* Begin PBXResourcesBuildPhase section */
		BC53B8E4146C409200B14231 /* Resources */ = {
			isa = PBXResourcesBuildPhase;
			buildActionMask = 2147483647;
			files = (
				BC53B8F5146C409200B14231 /* InfoPlist.strings in Resources */,
				BC53B901146C409200B14231 /* ViewController.xib in Resources */,
				BC53B91B146C4E8200B14231 /* signin_facebook.png in Resources */,
				BC53B91C146C4E8200B14231 /* signin_twitter.png in Resources */,
				BC53B921146C501800B14231 /* signin_facebook_Down.png in Resources */,
				BC53B922146C501800B14231 /* signin_facebook_Up.png in Resources */,
				BC53B923146C501800B14231 /* signin_twitter_Down.png in Resources */,
				BC53B924146C501800B14231 /* signin_twitter_Up.png in Resources */,
				BCDC956814AB63F000D54631 /* TwitterAccountsViewController.xib in Resources */,
				BCDC956C14AB63F000D54631 /* TwitterSigninViewController.xib in Resources */,
				BCDC957814AB7A5D00D54631 /* twitter_load.png in Resources */,
			);
			runOnlyForDeploymentPostprocessing = 0;
		};
/* End PBXResourcesBuildPhase section */

/* Begin PBXSourcesBuildPhase section */
		BC53B8E2146C409200B14231 /* Sources */ = {
			isa = PBXSourcesBuildPhase;
			buildActionMask = 2147483647;
			files = (
				BC53B8F7146C409200B14231 /* main.m in Sources */,
				BC53B8FB146C409200B14231 /* AppDelegate.m in Sources */,
				BC53B8FE146C409200B14231 /* ViewController.m in Sources */,
				BC2B0AC614743B790074B97F /* SFHFKeychainUtils.m in Sources */,
				BCDC956414AB63F000D54631 /* FacebookSessionManager.m in Sources */,
				BCDC956514AB63F000D54631 /* SessionManager.m in Sources */,
				BCDC956614AB63F000D54631 /* TwitterSessionManager.m in Sources */,
				BCDC956714AB63F000D54631 /* TwitterAccountsViewController.m in Sources */,
				BCDC956914AB63F000D54631 /* TwitteriOSSessionManager.m in Sources */,
				BCDC956A14AB63F000D54631 /* TwitterOAuthSessionManager.m in Sources */,
				BCDC956B14AB63F000D54631 /* TwitterSigninViewController.m in Sources */,
				BCDC957614AB7A5D00D54631 /* SA_OAuthTwitterController.m in Sources */,
				BCDC957714AB7A5D00D54631 /* SA_OAuthTwitterEngine.m in Sources */,
				BCDC959A14AB7AA500D54631 /* MGTwitterEngine.m in Sources */,
				BCDC959B14AB7AA500D54631 /* MGTwitterHTTPURLConnection.m in Sources */,
				BCDC959C14AB7AA500D54631 /* MGTwitterLibXMLParser.m in Sources */,
				BCDC959D14AB7AA500D54631 /* MGTwitterMessagesLibXMLParser.m in Sources */,
				BCDC959E14AB7AA500D54631 /* MGTwitterMessagesParser.m in Sources */,
				BCDC959F14AB7AA500D54631 /* MGTwitterMiscLibXMLParser.m in Sources */,
				BCDC95A014AB7AA500D54631 /* MGTwitterMiscParser.m in Sources */,
				BCDC95A114AB7AA500D54631 /* MGTwitterStatusesLibXMLParser.m in Sources */,
				BCDC95A214AB7AA500D54631 /* MGTwitterStatusesParser.m in Sources */,
				BCDC95A314AB7AA500D54631 /* MGTwitterUsersLibXMLParser.m in Sources */,
				BCDC95A414AB7AA500D54631 /* MGTwitterUsersParser.m in Sources */,
				BCDC95A514AB7AA500D54631 /* MGTwitterXMLParser.m in Sources */,
				BCDC95A614AB7AA500D54631 /* NSData+Base64.m in Sources */,
				BCDC95A714AB7AA500D54631 /* NSString+UUID.m in Sources */,
			);
			runOnlyForDeploymentPostprocessing = 0;
		};
/* End PBXSourcesBuildPhase section */

/* Begin PBXVariantGroup section */
		BC53B8F3146C409200B14231 /* InfoPlist.strings */ = {
			isa = PBXVariantGroup;
			children = (
				BC53B8F4146C409200B14231 /* en */,
			);
			name = InfoPlist.strings;
			sourceTree = "<group>";
		};
		BC53B8FF146C409200B14231 /* ViewController.xib */ = {
			isa = PBXVariantGroup;
			children = (
				BC53B900146C409200B14231 /* en */,
			);
			name = ViewController.xib;
			sourceTree = "<group>";
		};
/* End PBXVariantGroup section */

/* Begin XCBuildConfiguration section */
		BC53B902146C409200B14231 /* Debug */ = {
			isa = XCBuildConfiguration;
			buildSettings = {
				ALWAYS_SEARCH_USER_PATHS = NO;
				ARCHS = "$(ARCHS_STANDARD_32_BIT)";
				"CODE_SIGN_IDENTITY[sdk=iphoneos*]" = "iPhone Developer";
				COPY_PHASE_STRIP = NO;
				GCC_C_LANGUAGE_STANDARD = gnu99;
				GCC_DYNAMIC_NO_PIC = NO;
				GCC_OPTIMIZATION_LEVEL = 0;
				GCC_PREPROCESSOR_DEFINITIONS = (
					"DEBUG=1",
					"$(inherited)",
				);
				GCC_SYMBOLS_PRIVATE_EXTERN = NO;
				GCC_VERSION = com.apple.compilers.llvm.clang.1_0;
				GCC_WARN_ABOUT_MISSING_PROTOTYPES = YES;
				GCC_WARN_ABOUT_RETURN_TYPE = YES;
				GCC_WARN_UNUSED_VARIABLE = YES;
				IPHONEOS_DEPLOYMENT_TARGET = 5.0;
				SDKROOT = iphoneos;
			};
			name = Debug;
		};
		BC53B903146C409200B14231 /* Release */ = {
			isa = XCBuildConfiguration;
			buildSettings = {
				ALWAYS_SEARCH_USER_PATHS = NO;
				ARCHS = "$(ARCHS_STANDARD_32_BIT)";
				"CODE_SIGN_IDENTITY[sdk=iphoneos*]" = "iPhone Developer";
				COPY_PHASE_STRIP = YES;
				GCC_C_LANGUAGE_STANDARD = gnu99;
				GCC_VERSION = com.apple.compilers.llvm.clang.1_0;
				GCC_WARN_ABOUT_MISSING_PROTOTYPES = YES;
				GCC_WARN_ABOUT_RETURN_TYPE = YES;
				GCC_WARN_UNUSED_VARIABLE = YES;
				IPHONEOS_DEPLOYMENT_TARGET = 5.0;
				OTHER_CFLAGS = "-DNS_BLOCK_ASSERTIONS=1";
				SDKROOT = iphoneos;
				VALIDATE_PRODUCT = YES;
			};
			name = Release;
		};
		BC53B905146C409200B14231 /* Debug */ = {
			isa = XCBuildConfiguration;
			buildSettings = {
				"CODE_SIGN_IDENTITY[sdk=iphoneos*]" = "iPhone Developer: LOIC BERTHELOT (M4LM7N2G22)";
				GCC_PRECOMPILE_PREFIX_HEADER = YES;
				GCC_PREFIX_HEADER = "testFBConnect_And_TwitterConnect/testFBConnect_And_TwitterConnect-Prefix.pch";
				HEADER_SEARCH_PATHS = (
					"../../LibTools/facebook-ios-sdk/src",
					"\"../../LibTools/Twitter-OAuth-iPhone/Twitter+OAuth/Libraries & Headers/OAuthConsumer\"",
					"\"../../LibTools/Twitter-OAuth-iPhone/Twitter+OAuth/Libraries & Headers\"",
					"../../LibTools/Twitter-OAuth-iPhone/Twitter+OAuth/MGTwitterEngine",
					"../../LibTools/Twitter-OAuth-iPhone/Twitter+OAuth/SAOAuthTwitterEngine",
					"$(SDKROOT)/usr/include/libxml2",
					"../../LibTools/facebook-ios-sdk/src/JSON/",
					../../LibTools,
				);
				INFOPLIST_FILE = "testFBConnect_And_TwitterConnect/testFBConnect_And_TwitterConnect-Info.plist";
				LIBRARY_SEARCH_PATHS = (
					"$(inherited)",
					"\"$(SRCROOT)/deps\"",
					"\"$(SRCROOT)/../../LibTools/Twitter-OAuth-iPhone/Twitter+OAuth/Libraries & Headers\"",
					"\"$(SRCROOT)/../../LibTools/SocialSessionManager/deps\"",
				);
				PRODUCT_NAME = "$(TARGET_NAME)";
				"PROVISIONING_PROFILE[sdk=iphoneos*]" = "00DE6808-EE54-4310-B540-784E90B96D9A";
				WRAPPER_EXTENSION = app;
			};
			name = Debug;
		};
		BC53B906146C409200B14231 /* Release */ = {
			isa = XCBuildConfiguration;
			buildSettings = {
				"CODE_SIGN_IDENTITY[sdk=iphoneos*]" = "iPhone Developer: LOIC BERTHELOT (M4LM7N2G22)";
				GCC_PRECOMPILE_PREFIX_HEADER = YES;
				GCC_PREFIX_HEADER = "testFBConnect_And_TwitterConnect/testFBConnect_And_TwitterConnect-Prefix.pch";
				HEADER_SEARCH_PATHS = (
					"../../LibTools/facebook-ios-sdk/src",
					"\"../../LibTools/Twitter-OAuth-iPhone/Twitter+OAuth/Libraries & Headers/OAuthConsumer\"",
					"\"../../LibTools/Twitter-OAuth-iPhone/Twitter+OAuth/Libraries & Headers\"",
					"../../LibTools/Twitter-OAuth-iPhone/Twitter+OAuth/MGTwitterEngine",
					"../../LibTools/Twitter-OAuth-iPhone/Twitter+OAuth/SAOAuthTwitterEngine",
					"$(SDKROOT)/usr/include/libxml2",
					"../../LibTools/facebook-ios-sdk/src/JSON/",
					../../LibTools,
				);
				INFOPLIST_FILE = "testFBConnect_And_TwitterConnect/testFBConnect_And_TwitterConnect-Info.plist";
				LIBRARY_SEARCH_PATHS = (
					"$(inherited)",
					"\"$(SRCROOT)/deps\"",
					"\"$(SRCROOT)/../../LibTools/Twitter-OAuth-iPhone/Twitter+OAuth/Libraries & Headers\"",
					"\"$(SRCROOT)/../../LibTools/SocialSessionManager/deps\"",
				);
				PRODUCT_NAME = "$(TARGET_NAME)";
				"PROVISIONING_PROFILE[sdk=iphoneos*]" = "00DE6808-EE54-4310-B540-784E90B96D9A";
				WRAPPER_EXTENSION = app;
			};
			name = Release;
		};
/* End XCBuildConfiguration section */

/* Begin XCConfigurationList section */
		BC53B8E0146C409100B14231 /* Build configuration list for PBXProject "testFBConnect_And_TwitterConnect" */ = {
			isa = XCConfigurationList;
			buildConfigurations = (
				BC53B902146C409200B14231 /* Debug */,
				BC53B903146C409200B14231 /* Release */,
			);
			defaultConfigurationIsVisible = 0;
			defaultConfigurationName = Release;
		};
		BC53B904146C409200B14231 /* Build configuration list for PBXNativeTarget "testFBConnect_And_TwitterConnect" */ = {
			isa = XCConfigurationList;
			buildConfigurations = (
				BC53B905146C409200B14231 /* Debug */,
				BC53B906146C409200B14231 /* Release */,
			);
			defaultConfigurationIsVisible = 0;
			defaultConfigurationName = Release;
		};
/* End XCConfigurationList section */
	};
	rootObject = BC53B8DD146C409100B14231 /* Project object */;
}
