// !$*UTF8*$!
{
	archiveVersion = 1;
	classes = {
	};
	objectVersion = 46;
	objects = {

/* Begin PBXBuildFile section */
		BC857543147A965900727BCC /* UIKit.framework in Frameworks */ = {isa = PBXBuildFile; fileRef = BC857542147A965900727BCC /* UIKit.framework */; };
		BC857545147A965900727BCC /* Foundation.framework in Frameworks */ = {isa = PBXBuildFile; fileRef = BC857544147A965900727BCC /* Foundation.framework */; };
		BC857547147A965900727BCC /* CoreGraphics.framework in Frameworks */ = {isa = PBXBuildFile; fileRef = BC857546147A965900727BCC /* CoreGraphics.framework */; };
		BC85754D147A965900727BCC /* InfoPlist.strings in Resources */ = {isa = PBXBuildFile; fileRef = BC85754B147A965900727BCC /* InfoPlist.strings */; };
		BC85754F147A965900727BCC /* main.m in Sources */ = {isa = PBXBuildFile; fileRef = BC85754E147A965900727BCC /* main.m */; };
		BC857553147A965900727BCC /* AppDelegate.m in Sources */ = {isa = PBXBuildFile; fileRef = BC857552147A965900727BCC /* AppDelegate.m */; };
		BC857561147A96B500727BCC /* PullViewController.xib in Resources */ = {isa = PBXBuildFile; fileRef = BC85755F147A96B500727BCC /* PullViewController.xib */; };
		BC857564147A96BA00727BCC /* PullViewController.m in Sources */ = {isa = PBXBuildFile; fileRef = BC857563147A96BA00727BCC /* PullViewController.m */; };
		BC857571147AA18C00727BCC /* DraggableTableView.m in Sources */ = {isa = PBXBuildFile; fileRef = BC85756F147AA18C00727BCC /* DraggableTableView.m */; };
		BC857572147AA18C00727BCC /* DraggableTableView.xib in Resources */ = {isa = PBXBuildFile; fileRef = BC857570147AA18C00727BCC /* DraggableTableView.xib */; };
/* End PBXBuildFile section */

/* Begin PBXFileReference section */
		BC85753E147A965900727BCC /* testPullViewController.app */ = {isa = PBXFileReference; explicitFileType = wrapper.application; includeInIndex = 0; path = testPullViewController.app; sourceTree = BUILT_PRODUCTS_DIR; };
		BC857542147A965900727BCC /* UIKit.framework */ = {isa = PBXFileReference; lastKnownFileType = wrapper.framework; name = UIKit.framework; path = System/Library/Frameworks/UIKit.framework; sourceTree = SDKROOT; };
		BC857544147A965900727BCC /* Foundation.framework */ = {isa = PBXFileReference; lastKnownFileType = wrapper.framework; name = Foundation.framework; path = System/Library/Frameworks/Foundation.framework; sourceTree = SDKROOT; };
		BC857546147A965900727BCC /* CoreGraphics.framework */ = {isa = PBXFileReference; lastKnownFileType = wrapper.framework; name = CoreGraphics.framework; path = System/Library/Frameworks/CoreGraphics.framework; sourceTree = SDKROOT; };
		BC85754A147A965900727BCC /* testPullViewController-Info.plist */ = {isa = PBXFileReference; lastKnownFileType = text.plist.xml; path = "testPullViewController-Info.plist"; sourceTree = "<group>"; };
		BC85754C147A965900727BCC /* en */ = {isa = PBXFileReference; lastKnownFileType = text.plist.strings; name = en; path = en.lproj/InfoPlist.strings; sourceTree = "<group>"; };
		BC85754E147A965900727BCC /* main.m */ = {isa = PBXFileReference; lastKnownFileType = sourcecode.c.objc; path = main.m; sourceTree = "<group>"; };
		BC857550147A965900727BCC /* testPullViewController-Prefix.pch */ = {isa = PBXFileReference; lastKnownFileType = sourcecode.c.h; path = "testPullViewController-Prefix.pch"; sourceTree = "<group>"; };
		BC857551147A965900727BCC /* AppDelegate.h */ = {isa = PBXFileReference; lastKnownFileType = sourcecode.c.h; path = AppDelegate.h; sourceTree = "<group>"; };
		BC857552147A965900727BCC /* AppDelegate.m */ = {isa = PBXFileReference; lastKnownFileType = sourcecode.c.objc; path = AppDelegate.m; sourceTree = "<group>"; };
		BC857560147A96B500727BCC /* en */ = {isa = PBXFileReference; lastKnownFileType = file.xib; name = en; path = en.lproj/PullViewController.xib; sourceTree = "<group>"; };
		BC857562147A96BA00727BCC /* PullViewController.h */ = {isa = PBXFileReference; fileEncoding = 4; lastKnownFileType = sourcecode.c.h; path = PullViewController.h; sourceTree = "<group>"; };
		BC857563147A96BA00727BCC /* PullViewController.m */ = {isa = PBXFileReference; fileEncoding = 4; lastKnownFileType = sourcecode.c.objc; path = PullViewController.m; sourceTree = "<group>"; };
		BC85756E147AA18C00727BCC /* DraggableTableView.h */ = {isa = PBXFileReference; fileEncoding = 4; lastKnownFileType = sourcecode.c.h; name = DraggableTableView.h; path = ../../testDragCells/testDragCells/DraggableTableView.h; sourceTree = "<group>"; };
		BC85756F147AA18C00727BCC /* DraggableTableView.m */ = {isa = PBXFileReference; fileEncoding = 4; lastKnownFileType = sourcecode.c.objc; name = DraggableTableView.m; path = ../../testDragCells/testDragCells/DraggableTableView.m; sourceTree = "<group>"; };
		BC857570147AA18C00727BCC /* DraggableTableView.xib */ = {isa = PBXFileReference; fileEncoding = 4; lastKnownFileType = file.xib; name = DraggableTableView.xib; path = ../../testDragCells/testDragCells/DraggableTableView.xib; sourceTree = "<group>"; };
/* End PBXFileReference section */

/* Begin PBXFrameworksBuildPhase section */
		BC85753B147A965900727BCC /* Frameworks */ = {
			isa = PBXFrameworksBuildPhase;
			buildActionMask = 2147483647;
			files = (
				BC857543147A965900727BCC /* UIKit.framework in Frameworks */,
				BC857545147A965900727BCC /* Foundation.framework in Frameworks */,
				BC857547147A965900727BCC /* CoreGraphics.framework in Frameworks */,
			);
			runOnlyForDeploymentPostprocessing = 0;
		};
/* End PBXFrameworksBuildPhase section */

/* Begin PBXGroup section */
		BC857533147A965900727BCC = {
			isa = PBXGroup;
			children = (
				BC857548147A965900727BCC /* testPullViewController */,
				BC857541147A965900727BCC /* Frameworks */,
				BC85753F147A965900727BCC /* Products */,
			);
			sourceTree = "<group>";
		};
		BC85753F147A965900727BCC /* Products */ = {
			isa = PBXGroup;
			children = (
				BC85753E147A965900727BCC /* testPullViewController.app */,
			);
			name = Products;
			sourceTree = "<group>";
		};
		BC857541147A965900727BCC /* Frameworks */ = {
			isa = PBXGroup;
			children = (
				BC857542147A965900727BCC /* UIKit.framework */,
				BC857544147A965900727BCC /* Foundation.framework */,
				BC857546147A965900727BCC /* CoreGraphics.framework */,
			);
			name = Frameworks;
			sourceTree = "<group>";
		};
		BC857548147A965900727BCC /* testPullViewController */ = {
			isa = PBXGroup;
			children = (
				BC857551147A965900727BCC /* AppDelegate.h */,
				BC857552147A965900727BCC /* AppDelegate.m */,
				BC857562147A96BA00727BCC /* PullViewController.h */,
				BC857563147A96BA00727BCC /* PullViewController.m */,
				BC85755F147A96B500727BCC /* PullViewController.xib */,
				BC85756E147AA18C00727BCC /* DraggableTableView.h */,
				BC85756F147AA18C00727BCC /* DraggableTableView.m */,
				BC857570147AA18C00727BCC /* DraggableTableView.xib */,
				BC857549147A965900727BCC /* Supporting Files */,
			);
			path = testPullViewController;
			sourceTree = "<group>";
		};
		BC857549147A965900727BCC /* Supporting Files */ = {
			isa = PBXGroup;
			children = (
				BC85754A147A965900727BCC /* testPullViewController-Info.plist */,
				BC85754B147A965900727BCC /* InfoPlist.strings */,
				BC85754E147A965900727BCC /* main.m */,
				BC857550147A965900727BCC /* testPullViewController-Prefix.pch */,
			);
			name = "Supporting Files";
			sourceTree = "<group>";
		};
/* End PBXGroup section */

/* Begin PBXNativeTarget section */
		BC85753D147A965900727BCC /* testPullViewController */ = {
			isa = PBXNativeTarget;
			buildConfigurationList = BC85755C147A965900727BCC /* Build configuration list for PBXNativeTarget "testPullViewController" */;
			buildPhases = (
				BC85753A147A965900727BCC /* Sources */,
				BC85753B147A965900727BCC /* Frameworks */,
				BC85753C147A965900727BCC /* Resources */,
			);
			buildRules = (
			);
			dependencies = (
			);
			name = testPullViewController;
			productName = testPullViewController;
			productReference = BC85753E147A965900727BCC /* testPullViewController.app */;
			productType = "com.apple.product-type.application";
		};
/* End PBXNativeTarget section */

/* Begin PBXProject section */
		BC857535147A965900727BCC /* Project object */ = {
			isa = PBXProject;
			attributes = {
				LastUpgradeCheck = 0420;
			};
			buildConfigurationList = BC857538147A965900727BCC /* Build configuration list for PBXProject "testPullViewController" */;
			compatibilityVersion = "Xcode 3.2";
			developmentRegion = English;
			hasScannedForEncodings = 0;
			knownRegions = (
				en,
			);
			mainGroup = BC857533147A965900727BCC;
			productRefGroup = BC85753F147A965900727BCC /* Products */;
			projectDirPath = "";
			projectRoot = "";
			targets = (
				BC85753D147A965900727BCC /* testPullViewController */,
			);
		};
/* End PBXProject section */

/* Begin PBXResourcesBuildPhase section */
		BC85753C147A965900727BCC /* Resources */ = {
			isa = PBXResourcesBuildPhase;
			buildActionMask = 2147483647;
			files = (
				BC85754D147A965900727BCC /* InfoPlist.strings in Resources */,
				BC857561147A96B500727BCC /* PullViewController.xib in Resources */,
				BC857572147AA18C00727BCC /* DraggableTableView.xib in Resources */,
			);
			runOnlyForDeploymentPostprocessing = 0;
		};
/* End PBXResourcesBuildPhase section */

/* Begin PBXSourcesBuildPhase section */
		BC85753A147A965900727BCC /* Sources */ = {
			isa = PBXSourcesBuildPhase;
			buildActionMask = 2147483647;
			files = (
				BC85754F147A965900727BCC /* main.m in Sources */,
				BC857553147A965900727BCC /* AppDelegate.m in Sources */,
				BC857564147A96BA00727BCC /* PullViewController.m in Sources */,
				BC857571147AA18C00727BCC /* DraggableTableView.m in Sources */,
			);
			runOnlyForDeploymentPostprocessing = 0;
		};
/* End PBXSourcesBuildPhase section */

/* Begin PBXVariantGroup section */
		BC85754B147A965900727BCC /* InfoPlist.strings */ = {
			isa = PBXVariantGroup;
			children = (
				BC85754C147A965900727BCC /* en */,
			);
			name = InfoPlist.strings;
			sourceTree = "<group>";
		};
		BC85755F147A96B500727BCC /* PullViewController.xib */ = {
			isa = PBXVariantGroup;
			children = (
				BC857560147A96B500727BCC /* en */,
			);
			name = PullViewController.xib;
			sourceTree = "<group>";
		};
/* End PBXVariantGroup section */

/* Begin XCBuildConfiguration section */
		BC85755A147A965900727BCC /* Debug */ = {
			isa = XCBuildConfiguration;
			buildSettings = {
				ALWAYS_SEARCH_USER_PATHS = NO;
				ARCHS = "$(ARCHS_STANDARD_32_BIT)";
				"CODE_SIGN_IDENTITY[sdk=iphoneos*]" = "iPhone Developer";
				COPY_PHASE_STRIP = NO;
				GCC_C_LANGUAGE_STANDARD = gnu99;
				GCC_DYNAMIC_NO_PIC = NO;
				GCC_OPTIMIZATION_LEVEL = 0;
				GCC_PREPROCESSOR_DEFINITIONS = (
					"DEBUG=1",
					"$(inherited)",
				);
				GCC_SYMBOLS_PRIVATE_EXTERN = NO;
				GCC_VERSION = com.apple.compilers.llvm.clang.1_0;
				GCC_WARN_ABOUT_MISSING_PROTOTYPES = YES;
				GCC_WARN_ABOUT_RETURN_TYPE = YES;
				GCC_WARN_UNUSED_VARIABLE = YES;
				IPHONEOS_DEPLOYMENT_TARGET = 5.0;
				SDKROOT = iphoneos;
			};
			name = Debug;
		};
		BC85755B147A965900727BCC /* Release */ = {
			isa = XCBuildConfiguration;
			buildSettings = {
				ALWAYS_SEARCH_USER_PATHS = NO;
				ARCHS = "$(ARCHS_STANDARD_32_BIT)";
				"CODE_SIGN_IDENTITY[sdk=iphoneos*]" = "iPhone Developer";
				COPY_PHASE_STRIP = YES;
				GCC_C_LANGUAGE_STANDARD = gnu99;
				GCC_VERSION = com.apple.compilers.llvm.clang.1_0;
				GCC_WARN_ABOUT_MISSING_PROTOTYPES = YES;
				GCC_WARN_ABOUT_RETURN_TYPE = YES;
				GCC_WARN_UNUSED_VARIABLE = YES;
				IPHONEOS_DEPLOYMENT_TARGET = 5.0;
				OTHER_CFLAGS = "-DNS_BLOCK_ASSERTIONS=1";
				SDKROOT = iphoneos;
				VALIDATE_PRODUCT = YES;
			};
			name = Release;
		};
		BC85755D147A965900727BCC /* Debug */ = {
			isa = XCBuildConfiguration;
			buildSettings = {
				GCC_PRECOMPILE_PREFIX_HEADER = YES;
				GCC_PREFIX_HEADER = "testPullViewController/testPullViewController-Prefix.pch";
				INFOPLIST_FILE = "testPullViewController/testPullViewController-Info.plist";
				PRODUCT_NAME = "$(TARGET_NAME)";
				WRAPPER_EXTENSION = app;
			};
			name = Debug;
		};
		BC85755E147A965900727BCC /* Release */ = {
			isa = XCBuildConfiguration;
			buildSettings = {
				GCC_PRECOMPILE_PREFIX_HEADER = YES;
				GCC_PREFIX_HEADER = "testPullViewController/testPullViewController-Prefix.pch";
				INFOPLIST_FILE = "testPullViewController/testPullViewController-Info.plist";
				PRODUCT_NAME = "$(TARGET_NAME)";
				WRAPPER_EXTENSION = app;
			};
			name = Release;
		};
/* End XCBuildConfiguration section */

/* Begin XCConfigurationList section */
		BC857538147A965900727BCC /* Build configuration list for PBXProject "testPullViewController" */ = {
			isa = XCConfigurationList;
			buildConfigurations = (
				BC85755A147A965900727BCC /* Debug */,
				BC85755B147A965900727BCC /* Release */,
			);
			defaultConfigurationIsVisible = 0;
			defaultConfigurationName = Release;
		};
		BC85755C147A965900727BCC /* Build configuration list for PBXNativeTarget "testPullViewController" */ = {
			isa = XCConfigurationList;
			buildConfigurations = (
				BC85755D147A965900727BCC /* Debug */,
				BC85755E147A965900727BCC /* Release */,
			);
			defaultConfigurationIsVisible = 0;
			defaultConfigurationName = Release;
		};
/* End XCConfigurationList section */
	};
	rootObject = BC857535147A965900727BCC /* Project object */;
}
