// !$*UTF8*$!
{
	archiveVersion = 1;
	classes = {
	};
	objectVersion = 46;
	objects = {

/* Begin PBXBuildFile section */
		BC648F1014684EFB005A6D8A /* MainViewController.m in Sources */ = {isa = PBXBuildFile; fileRef = BC648F0E14684EFB005A6D8A /* MainViewController.m */; };
		BC943A4F1468874D0031CE17 /* MainWindow.xib in Resources */ = {isa = PBXBuildFile; fileRef = BC943A4D1468874D0031CE17 /* MainWindow.xib */; };
		BC943A5314688AE70031CE17 /* Default.png in Resources */ = {isa = PBXBuildFile; fileRef = BC943A5014688AE70031CE17 /* Default.png */; };
		BC943A5414688AE70031CE17 /* Default@2x.png in Resources */ = {isa = PBXBuildFile; fileRef = BC943A5114688AE70031CE17 /* Default@2x.png */; };
		BC943A5514688AE70031CE17 /* icon.png in Resources */ = {isa = PBXBuildFile; fileRef = BC943A5214688AE70031CE17 /* icon.png */; };
		BCD4C2C614695FCD000A236A /* ActivityAlertView.m in Sources */ = {isa = PBXBuildFile; fileRef = BCD4C2C514695FCD000A236A /* ActivityAlertView.m */; };
		BCD4C2C9146962B1000A236A /* logo.png in Resources */ = {isa = PBXBuildFile; fileRef = BCD4C2C8146962B1000A236A /* logo.png */; };
		BCD4C2CE14696E6E000A236A /* CreateMyRadio_Down.png in Resources */ = {isa = PBXBuildFile; fileRef = BCD4C2CA14696E6E000A236A /* CreateMyRadio_Down.png */; };
		BCD4C2CF14696E6E000A236A /* CreateMyRadio_Down@2x.png in Resources */ = {isa = PBXBuildFile; fileRef = BCD4C2CB14696E6E000A236A /* CreateMyRadio_Down@2x.png */; };
		BCD4C2D014696E6E000A236A /* CreateMyRadio.png in Resources */ = {isa = PBXBuildFile; fileRef = BCD4C2CC14696E6E000A236A /* CreateMyRadio.png */; };
		BCD4C2D114696E6E000A236A /* CreateMyRadio@2x.png in Resources */ = {isa = PBXBuildFile; fileRef = BCD4C2CD14696E6E000A236A /* CreateMyRadio@2x.png */; };
		BCFECFCF146841A800BA20D9 /* avatar1.png in Resources */ = {isa = PBXBuildFile; fileRef = BCFECFB9146841A800BA20D9 /* avatar1.png */; };
		BCFECFD0146841A800BA20D9 /* avatar2.png in Resources */ = {isa = PBXBuildFile; fileRef = BCFECFBA146841A800BA20D9 /* avatar2.png */; };
		BCFECFD1146841A800BA20D9 /* avatar3.png in Resources */ = {isa = PBXBuildFile; fileRef = BCFECFBB146841A800BA20D9 /* avatar3.png */; };
		BCFECFD2146841A800BA20D9 /* bouton-envoyer.png in Resources */ = {isa = PBXBuildFile; fileRef = BCFECFBD146841A800BA20D9 /* bouton-envoyer.png */; };
		BCFECFD3146841A800BA20D9 /* bouton-retour.png in Resources */ = {isa = PBXBuildFile; fileRef = BCFECFBE146841A800BA20D9 /* bouton-retour.png */; };
		BCFECFD5146841A800BA20D9 /* fond-auditeurs.png in Resources */ = {isa = PBXBuildFile; fileRef = BCFECFC0146841A800BA20D9 /* fond-auditeurs.png */; };
		BCFECFD6146841A800BA20D9 /* MenuBg@2x.png in Resources */ = {isa = PBXBuildFile; fileRef = BCFECFC1146841A800BA20D9 /* MenuBg@2x.png */; };
		BCFECFD7146841A800BA20D9 /* radiocree@2x.png in Resources */ = {isa = PBXBuildFile; fileRef = BCFECFC2146841A800BA20D9 /* radiocree@2x.png */; };
		BCFECFD8146841A800BA20D9 /* bt-achat.png in Resources */ = {isa = PBXBuildFile; fileRef = BCFECFC4146841A800BA20D9 /* bt-achat.png */; };
		BCFECFD9146841A800BA20D9 /* bt-aime.png in Resources */ = {isa = PBXBuildFile; fileRef = BCFECFC5146841A800BA20D9 /* bt-aime.png */; };
		BCFECFDA146841A800BA20D9 /* bt-aimepas.png in Resources */ = {isa = PBXBuildFile; fileRef = BCFECFC6146841A800BA20D9 /* bt-aimepas.png */; };
		BCFECFDB146841A800BA20D9 /* bt-ajouter.png in Resources */ = {isa = PBXBuildFile; fileRef = BCFECFC7146841A800BA20D9 /* bt-ajouter.png */; };
		BCFECFDC146841A800BA20D9 /* bt-Skip.png in Resources */ = {isa = PBXBuildFile; fileRef = BCFECFC8146841A800BA20D9 /* bt-Skip.png */; };
		BCFECFDD146841A800BA20D9 /* BT-top1.png in Resources */ = {isa = PBXBuildFile; fileRef = BCFECFC9146841A800BA20D9 /* BT-top1.png */; };
		BCFECFDE146841A800BA20D9 /* BT-top2.png in Resources */ = {isa = PBXBuildFile; fileRef = BCFECFCA146841A800BA20D9 /* BT-top2.png */; };
		BCFECFDF146841A800BA20D9 /* BT-top3.png in Resources */ = {isa = PBXBuildFile; fileRef = BCFECFCB146841A800BA20D9 /* BT-top3.png */; };
		BCFECFE0146841A800BA20D9 /* BT-top4.png in Resources */ = {isa = PBXBuildFile; fileRef = BCFECFCC146841A800BA20D9 /* BT-top4.png */; };
		BCFECFE1146841A800BA20D9 /* BT-top5.png in Resources */ = {isa = PBXBuildFile; fileRef = BCFECFCD146841A800BA20D9 /* BT-top5.png */; };
		BCFECFE2146841A800BA20D9 /* logo@2x.png in Resources */ = {isa = PBXBuildFile; fileRef = BCFECFCE146841A800BA20D9 /* logo@2x.png */; };
		BCFECFFB1468439900BA20D9 /* AudioStreamer.m in Sources */ = {isa = PBXBuildFile; fileRef = BCFECFE51468439900BA20D9 /* AudioStreamer.m */; };
		BCFECFFC1468439900BA20D9 /* MenuHeader.m in Sources */ = {isa = PBXBuildFile; fileRef = BCFECFE81468439900BA20D9 /* MenuHeader.m */; };
		BCFECFFD1468439900BA20D9 /* SlidingMenu.m in Sources */ = {isa = PBXBuildFile; fileRef = BCFECFEA1468439900BA20D9 /* SlidingMenu.m */; };
		BCFECFFE1468439900BA20D9 /* Tile.m in Sources */ = {isa = PBXBuildFile; fileRef = BCFECFEC1468439900BA20D9 /* Tile.m */; };
		BCFECFFF1468439900BA20D9 /* InteractionViewController.m in Sources */ = {isa = PBXBuildFile; fileRef = BCFECFEE1468439900BA20D9 /* InteractionViewController.m */; };
		BCFED0011468439900BA20D9 /* RadioCreatorViewController.m in Sources */ = {isa = PBXBuildFile; fileRef = BCFECFF11468439900BA20D9 /* RadioCreatorViewController.m */; };
		BCFED0021468439900BA20D9 /* RadioCreatorViewController.xib in Resources */ = {isa = PBXBuildFile; fileRef = BCFECFF21468439900BA20D9 /* RadioCreatorViewController.xib */; };
		BCFED0031468439900BA20D9 /* RadioViewController.m in Sources */ = {isa = PBXBuildFile; fileRef = BCFECFF41468439900BA20D9 /* RadioViewController.m */; };
		BCFED0041468439900BA20D9 /* RadioViewController.xib in Resources */ = {isa = PBXBuildFile; fileRef = BCFECFF51468439900BA20D9 /* RadioViewController.xib */; };
		BCFED0051468439900BA20D9 /* WallMessageViewController.m in Sources */ = {isa = PBXBuildFile; fileRef = BCFECFF71468439900BA20D9 /* WallMessageViewController.m */; };
		BCFED0061468439900BA20D9 /* WallMessageViewController.xib in Resources */ = {isa = PBXBuildFile; fileRef = BCFECFF81468439900BA20D9 /* WallMessageViewController.xib */; };
		BCFED0071468439900BA20D9 /* YasoundAppDelegate.m in Sources */ = {isa = PBXBuildFile; fileRef = BCFECFFA1468439900BA20D9 /* YasoundAppDelegate.m */; };
		E5280A3E145EFE6B00A88910 /* ASIAuthenticationDialog.m in Sources */ = {isa = PBXBuildFile; fileRef = E5280A07145EFE6B00A88910 /* ASIAuthenticationDialog.m */; };
		E5280A3F145EFE6B00A88910 /* ASIDataCompressor.m in Sources */ = {isa = PBXBuildFile; fileRef = E5280A0A145EFE6B00A88910 /* ASIDataCompressor.m */; };
		E5280A40145EFE6B00A88910 /* ASIDataDecompressor.m in Sources */ = {isa = PBXBuildFile; fileRef = E5280A0C145EFE6B00A88910 /* ASIDataDecompressor.m */; };
		E5280A41145EFE6B00A88910 /* ASIDownloadCache.m in Sources */ = {isa = PBXBuildFile; fileRef = E5280A0E145EFE6B00A88910 /* ASIDownloadCache.m */; };
		E5280A42145EFE6B00A88910 /* ASIFormDataRequest.m in Sources */ = {isa = PBXBuildFile; fileRef = E5280A10145EFE6B00A88910 /* ASIFormDataRequest.m */; };
		E5280A43145EFE6B00A88910 /* ASIHTTPRequest.m in Sources */ = {isa = PBXBuildFile; fileRef = E5280A12145EFE6B00A88910 /* ASIHTTPRequest.m */; };
		E5280A44145EFE6B00A88910 /* ASIInputStream.m in Sources */ = {isa = PBXBuildFile; fileRef = E5280A16145EFE6B00A88910 /* ASIInputStream.m */; };
		E5280A45145EFE6B00A88910 /* ASINetworkQueue.m in Sources */ = {isa = PBXBuildFile; fileRef = E5280A18145EFE6B00A88910 /* ASINetworkQueue.m */; };
		E5280A54145EFE6B00A88910 /* Reachability.m in Sources */ = {isa = PBXBuildFile; fileRef = E5280A3D145EFE6B00A88910 /* Reachability.m */; };
		E5280A56145EFFD900A88910 /* libz.dylib in Frameworks */ = {isa = PBXBuildFile; fileRef = E5280A55145EFFD900A88910 /* libz.dylib */; };
		E5280A58145F005B00A88910 /* MobileCoreServices.framework in Frameworks */ = {isa = PBXBuildFile; fileRef = E5280A57145F005B00A88910 /* MobileCoreServices.framework */; };
		E5280A5A145F006C00A88910 /* SystemConfiguration.framework in Frameworks */ = {isa = PBXBuildFile; fileRef = E5280A59145F006C00A88910 /* SystemConfiguration.framework */; };
		E53A7AFC1456FA9900B74F84 /* AudioToolbox.framework in Frameworks */ = {isa = PBXBuildFile; fileRef = E53A7AEE1456FA3600B74F84 /* AudioToolbox.framework */; };
		E53A7AFD1456FA9900B74F84 /* MediaPlayer.framework in Frameworks */ = {isa = PBXBuildFile; fileRef = E53A7AF61456FA6800B74F84 /* MediaPlayer.framework */; };
		E53A7AFF1456FAB800B74F84 /* CFNetwork.framework in Frameworks */ = {isa = PBXBuildFile; fileRef = E53A7AFE1456FAB800B74F84 /* CFNetwork.framework */; };
		E5A9A3AE1454DC0500EA374C /* UIKit.framework in Frameworks */ = {isa = PBXBuildFile; fileRef = E5A9A3AD1454DC0500EA374C /* UIKit.framework */; };
		E5A9A3B01454DC0500EA374C /* Foundation.framework in Frameworks */ = {isa = PBXBuildFile; fileRef = E5A9A3AF1454DC0500EA374C /* Foundation.framework */; };
		E5A9A3B21454DC0500EA374C /* CoreGraphics.framework in Frameworks */ = {isa = PBXBuildFile; fileRef = E5A9A3B11454DC0500EA374C /* CoreGraphics.framework */; };
		E5A9A3B81454DC0500EA374C /* InfoPlist.strings in Resources */ = {isa = PBXBuildFile; fileRef = E5A9A3B61454DC0500EA374C /* InfoPlist.strings */; };
		E5A9A3BA1454DC0500EA374C /* main.m in Sources */ = {isa = PBXBuildFile; fileRef = E5A9A3B91454DC0500EA374C /* main.m */; };
/* End PBXBuildFile section */

/* Begin PBXFileReference section */
		BC648F0D14684EFB005A6D8A /* MainViewController.h */ = {isa = PBXFileReference; fileEncoding = 4; lastKnownFileType = sourcecode.c.h; path = MainViewController.h; sourceTree = "<group>"; };
		BC648F0E14684EFB005A6D8A /* MainViewController.m */ = {isa = PBXFileReference; fileEncoding = 4; lastKnownFileType = sourcecode.c.objc; path = MainViewController.m; sourceTree = "<group>"; };
		BC943A4E1468874D0031CE17 /* en */ = {isa = PBXFileReference; lastKnownFileType = file.xib; name = en; path = en.lproj/MainWindow.xib; sourceTree = "<group>"; };
		BC943A5014688AE70031CE17 /* Default.png */ = {isa = PBXFileReference; lastKnownFileType = image.png; path = Default.png; sourceTree = "<group>"; };
		BC943A5114688AE70031CE17 /* Default@2x.png */ = {isa = PBXFileReference; lastKnownFileType = image.png; path = "Default@2x.png"; sourceTree = "<group>"; };
		BC943A5214688AE70031CE17 /* icon.png */ = {isa = PBXFileReference; lastKnownFileType = image.png; path = icon.png; sourceTree = "<group>"; };
		BCD4C2C414695FCD000A236A /* ActivityAlertView.h */ = {isa = PBXFileReference; fileEncoding = 4; lastKnownFileType = sourcecode.c.h; path = ActivityAlertView.h; sourceTree = "<group>"; };
		BCD4C2C514695FCD000A236A /* ActivityAlertView.m */ = {isa = PBXFileReference; fileEncoding = 4; lastKnownFileType = sourcecode.c.objc; path = ActivityAlertView.m; sourceTree = "<group>"; };
		BCD4C2C8146962B1000A236A /* logo.png */ = {isa = PBXFileReference; lastKnownFileType = image.png; path = logo.png; sourceTree = "<group>"; };
		BCD4C2CA14696E6E000A236A /* CreateMyRadio_Down.png */ = {isa = PBXFileReference; lastKnownFileType = image.png; path = CreateMyRadio_Down.png; sourceTree = "<group>"; };
		BCD4C2CB14696E6E000A236A /* CreateMyRadio_Down@2x.png */ = {isa = PBXFileReference; lastKnownFileType = image.png; path = "CreateMyRadio_Down@2x.png"; sourceTree = "<group>"; };
		BCD4C2CC14696E6E000A236A /* CreateMyRadio.png */ = {isa = PBXFileReference; lastKnownFileType = image.png; path = CreateMyRadio.png; sourceTree = "<group>"; };
		BCD4C2CD14696E6E000A236A /* CreateMyRadio@2x.png */ = {isa = PBXFileReference; lastKnownFileType = image.png; path = "CreateMyRadio@2x.png"; sourceTree = "<group>"; };
		BCFECFB9146841A800BA20D9 /* avatar1.png */ = {isa = PBXFileReference; lastKnownFileType = image.png; path = avatar1.png; sourceTree = "<group>"; };
		BCFECFBA146841A800BA20D9 /* avatar2.png */ = {isa = PBXFileReference; lastKnownFileType = image.png; path = avatar2.png; sourceTree = "<group>"; };
		BCFECFBB146841A800BA20D9 /* avatar3.png */ = {isa = PBXFileReference; lastKnownFileType = image.png; path = avatar3.png; sourceTree = "<group>"; };
		BCFECFBD146841A800BA20D9 /* bouton-envoyer.png */ = {isa = PBXFileReference; lastKnownFileType = image.png; path = "bouton-envoyer.png"; sourceTree = "<group>"; };
		BCFECFBE146841A800BA20D9 /* bouton-retour.png */ = {isa = PBXFileReference; lastKnownFileType = image.png; path = "bouton-retour.png"; sourceTree = "<group>"; };
		BCFECFC0146841A800BA20D9 /* fond-auditeurs.png */ = {isa = PBXFileReference; lastKnownFileType = image.png; path = "fond-auditeurs.png"; sourceTree = "<group>"; };
		BCFECFC1146841A800BA20D9 /* MenuBg@2x.png */ = {isa = PBXFileReference; lastKnownFileType = image.png; path = "MenuBg@2x.png"; sourceTree = "<group>"; };
		BCFECFC2146841A800BA20D9 /* radiocree@2x.png */ = {isa = PBXFileReference; lastKnownFileType = image.png; path = "radiocree@2x.png"; sourceTree = "<group>"; };
		BCFECFC4146841A800BA20D9 /* bt-achat.png */ = {isa = PBXFileReference; lastKnownFileType = image.png; path = "bt-achat.png"; sourceTree = "<group>"; };
		BCFECFC5146841A800BA20D9 /* bt-aime.png */ = {isa = PBXFileReference; lastKnownFileType = image.png; path = "bt-aime.png"; sourceTree = "<group>"; };
		BCFECFC6146841A800BA20D9 /* bt-aimepas.png */ = {isa = PBXFileReference; lastKnownFileType = image.png; path = "bt-aimepas.png"; sourceTree = "<group>"; };
		BCFECFC7146841A800BA20D9 /* bt-ajouter.png */ = {isa = PBXFileReference; lastKnownFileType = image.png; path = "bt-ajouter.png"; sourceTree = "<group>"; };
		BCFECFC8146841A800BA20D9 /* bt-Skip.png */ = {isa = PBXFileReference; lastKnownFileType = image.png; path = "bt-Skip.png"; sourceTree = "<group>"; };
		BCFECFC9146841A800BA20D9 /* BT-top1.png */ = {isa = PBXFileReference; lastKnownFileType = image.png; path = "BT-top1.png"; sourceTree = "<group>"; };
		BCFECFCA146841A800BA20D9 /* BT-top2.png */ = {isa = PBXFileReference; lastKnownFileType = image.png; path = "BT-top2.png"; sourceTree = "<group>"; };
		BCFECFCB146841A800BA20D9 /* BT-top3.png */ = {isa = PBXFileReference; lastKnownFileType = image.png; path = "BT-top3.png"; sourceTree = "<group>"; };
		BCFECFCC146841A800BA20D9 /* BT-top4.png */ = {isa = PBXFileReference; lastKnownFileType = image.png; path = "BT-top4.png"; sourceTree = "<group>"; };
		BCFECFCD146841A800BA20D9 /* BT-top5.png */ = {isa = PBXFileReference; lastKnownFileType = image.png; path = "BT-top5.png"; sourceTree = "<group>"; };
		BCFECFCE146841A800BA20D9 /* logo@2x.png */ = {isa = PBXFileReference; lastKnownFileType = image.png; path = "logo@2x.png"; sourceTree = "<group>"; };
		BCFECFE41468439900BA20D9 /* AudioStreamer.h */ = {isa = PBXFileReference; fileEncoding = 4; lastKnownFileType = sourcecode.c.h; path = AudioStreamer.h; sourceTree = "<group>"; };
		BCFECFE51468439900BA20D9 /* AudioStreamer.m */ = {isa = PBXFileReference; fileEncoding = 4; lastKnownFileType = sourcecode.c.objc; path = AudioStreamer.m; sourceTree = "<group>"; };
		BCFECFE71468439900BA20D9 /* MenuHeader.h */ = {isa = PBXFileReference; fileEncoding = 4; lastKnownFileType = sourcecode.c.h; path = MenuHeader.h; sourceTree = "<group>"; };
		BCFECFE81468439900BA20D9 /* MenuHeader.m */ = {isa = PBXFileReference; fileEncoding = 4; lastKnownFileType = sourcecode.c.objc; path = MenuHeader.m; sourceTree = "<group>"; };
		BCFECFE91468439900BA20D9 /* SlidingMenu.h */ = {isa = PBXFileReference; fileEncoding = 4; lastKnownFileType = sourcecode.c.h; path = SlidingMenu.h; sourceTree = "<group>"; };
		BCFECFEA1468439900BA20D9 /* SlidingMenu.m */ = {isa = PBXFileReference; fileEncoding = 4; lastKnownFileType = sourcecode.c.objc; path = SlidingMenu.m; sourceTree = "<group>"; };
		BCFECFEB1468439900BA20D9 /* Tile.h */ = {isa = PBXFileReference; fileEncoding = 4; lastKnownFileType = sourcecode.c.h; path = Tile.h; sourceTree = "<group>"; };
		BCFECFEC1468439900BA20D9 /* Tile.m */ = {isa = PBXFileReference; fileEncoding = 4; lastKnownFileType = sourcecode.c.objc; path = Tile.m; sourceTree = "<group>"; };
		BCFECFED1468439900BA20D9 /* InteractionViewController.h */ = {isa = PBXFileReference; fileEncoding = 4; lastKnownFileType = sourcecode.c.h; path = InteractionViewController.h; sourceTree = "<group>"; };
		BCFECFEE1468439900BA20D9 /* InteractionViewController.m */ = {isa = PBXFileReference; fileEncoding = 4; lastKnownFileType = sourcecode.c.objc; path = InteractionViewController.m; sourceTree = "<group>"; };
		BCFECFF01468439900BA20D9 /* RadioCreatorViewController.h */ = {isa = PBXFileReference; fileEncoding = 4; lastKnownFileType = sourcecode.c.h; path = RadioCreatorViewController.h; sourceTree = "<group>"; };
		BCFECFF11468439900BA20D9 /* RadioCreatorViewController.m */ = {isa = PBXFileReference; fileEncoding = 4; lastKnownFileType = sourcecode.c.objc; path = RadioCreatorViewController.m; sourceTree = "<group>"; };
		BCFECFF21468439900BA20D9 /* RadioCreatorViewController.xib */ = {isa = PBXFileReference; fileEncoding = 4; lastKnownFileType = file.xib; path = RadioCreatorViewController.xib; sourceTree = "<group>"; };
		BCFECFF31468439900BA20D9 /* RadioViewController.h */ = {isa = PBXFileReference; fileEncoding = 4; lastKnownFileType = sourcecode.c.h; path = RadioViewController.h; sourceTree = "<group>"; };
		BCFECFF41468439900BA20D9 /* RadioViewController.m */ = {isa = PBXFileReference; fileEncoding = 4; lastKnownFileType = sourcecode.c.objc; path = RadioViewController.m; sourceTree = "<group>"; };
		BCFECFF51468439900BA20D9 /* RadioViewController.xib */ = {isa = PBXFileReference; fileEncoding = 4; lastKnownFileType = file.xib; path = RadioViewController.xib; sourceTree = "<group>"; };
		BCFECFF61468439900BA20D9 /* WallMessageViewController.h */ = {isa = PBXFileReference; fileEncoding = 4; lastKnownFileType = sourcecode.c.h; path = WallMessageViewController.h; sourceTree = "<group>"; };
		BCFECFF71468439900BA20D9 /* WallMessageViewController.m */ = {isa = PBXFileReference; fileEncoding = 4; lastKnownFileType = sourcecode.c.objc; path = WallMessageViewController.m; sourceTree = "<group>"; };
		BCFECFF81468439900BA20D9 /* WallMessageViewController.xib */ = {isa = PBXFileReference; fileEncoding = 4; lastKnownFileType = file.xib; path = WallMessageViewController.xib; sourceTree = "<group>"; };
		BCFECFF91468439900BA20D9 /* YasoundAppDelegate.h */ = {isa = PBXFileReference; fileEncoding = 4; lastKnownFileType = sourcecode.c.h; path = YasoundAppDelegate.h; sourceTree = "<group>"; };
		BCFECFFA1468439900BA20D9 /* YasoundAppDelegate.m */ = {isa = PBXFileReference; fileEncoding = 4; lastKnownFileType = sourcecode.c.objc; path = YasoundAppDelegate.m; sourceTree = "<group>"; };
		E5280A06145EFE6B00A88910 /* ASIAuthenticationDialog.h */ = {isa = PBXFileReference; fileEncoding = 4; lastKnownFileType = sourcecode.c.h; path = ASIAuthenticationDialog.h; sourceTree = "<group>"; };
		E5280A07145EFE6B00A88910 /* ASIAuthenticationDialog.m */ = {isa = PBXFileReference; fileEncoding = 4; lastKnownFileType = sourcecode.c.objc; path = ASIAuthenticationDialog.m; sourceTree = "<group>"; };
		E5280A08145EFE6B00A88910 /* ASICacheDelegate.h */ = {isa = PBXFileReference; fileEncoding = 4; lastKnownFileType = sourcecode.c.h; path = ASICacheDelegate.h; sourceTree = "<group>"; };
		E5280A09145EFE6B00A88910 /* ASIDataCompressor.h */ = {isa = PBXFileReference; fileEncoding = 4; lastKnownFileType = sourcecode.c.h; path = ASIDataCompressor.h; sourceTree = "<group>"; };
		E5280A0A145EFE6B00A88910 /* ASIDataCompressor.m */ = {isa = PBXFileReference; fileEncoding = 4; lastKnownFileType = sourcecode.c.objc; path = ASIDataCompressor.m; sourceTree = "<group>"; };
		E5280A0B145EFE6B00A88910 /* ASIDataDecompressor.h */ = {isa = PBXFileReference; fileEncoding = 4; lastKnownFileType = sourcecode.c.h; path = ASIDataDecompressor.h; sourceTree = "<group>"; };
		E5280A0C145EFE6B00A88910 /* ASIDataDecompressor.m */ = {isa = PBXFileReference; fileEncoding = 4; lastKnownFileType = sourcecode.c.objc; path = ASIDataDecompressor.m; sourceTree = "<group>"; };
		E5280A0D145EFE6B00A88910 /* ASIDownloadCache.h */ = {isa = PBXFileReference; fileEncoding = 4; lastKnownFileType = sourcecode.c.h; path = ASIDownloadCache.h; sourceTree = "<group>"; };
		E5280A0E145EFE6B00A88910 /* ASIDownloadCache.m */ = {isa = PBXFileReference; fileEncoding = 4; lastKnownFileType = sourcecode.c.objc; path = ASIDownloadCache.m; sourceTree = "<group>"; };
		E5280A0F145EFE6B00A88910 /* ASIFormDataRequest.h */ = {isa = PBXFileReference; fileEncoding = 4; lastKnownFileType = sourcecode.c.h; path = ASIFormDataRequest.h; sourceTree = "<group>"; };
		E5280A10145EFE6B00A88910 /* ASIFormDataRequest.m */ = {isa = PBXFileReference; fileEncoding = 4; lastKnownFileType = sourcecode.c.objc; path = ASIFormDataRequest.m; sourceTree = "<group>"; };
		E5280A11145EFE6B00A88910 /* ASIHTTPRequest.h */ = {isa = PBXFileReference; fileEncoding = 4; lastKnownFileType = sourcecode.c.h; path = ASIHTTPRequest.h; sourceTree = "<group>"; };
		E5280A12145EFE6B00A88910 /* ASIHTTPRequest.m */ = {isa = PBXFileReference; fileEncoding = 4; lastKnownFileType = sourcecode.c.objc; path = ASIHTTPRequest.m; sourceTree = "<group>"; };
		E5280A13145EFE6B00A88910 /* ASIHTTPRequestConfig.h */ = {isa = PBXFileReference; fileEncoding = 4; lastKnownFileType = sourcecode.c.h; path = ASIHTTPRequestConfig.h; sourceTree = "<group>"; };
		E5280A14145EFE6B00A88910 /* ASIHTTPRequestDelegate.h */ = {isa = PBXFileReference; fileEncoding = 4; lastKnownFileType = sourcecode.c.h; path = ASIHTTPRequestDelegate.h; sourceTree = "<group>"; };
		E5280A15145EFE6B00A88910 /* ASIInputStream.h */ = {isa = PBXFileReference; fileEncoding = 4; lastKnownFileType = sourcecode.c.h; path = ASIInputStream.h; sourceTree = "<group>"; };
		E5280A16145EFE6B00A88910 /* ASIInputStream.m */ = {isa = PBXFileReference; fileEncoding = 4; lastKnownFileType = sourcecode.c.objc; path = ASIInputStream.m; sourceTree = "<group>"; };
		E5280A17145EFE6B00A88910 /* ASINetworkQueue.h */ = {isa = PBXFileReference; fileEncoding = 4; lastKnownFileType = sourcecode.c.h; path = ASINetworkQueue.h; sourceTree = "<group>"; };
		E5280A18145EFE6B00A88910 /* ASINetworkQueue.m */ = {isa = PBXFileReference; fileEncoding = 4; lastKnownFileType = sourcecode.c.objc; path = ASINetworkQueue.m; sourceTree = "<group>"; };
		E5280A19145EFE6B00A88910 /* ASIProgressDelegate.h */ = {isa = PBXFileReference; fileEncoding = 4; lastKnownFileType = sourcecode.c.h; path = ASIProgressDelegate.h; sourceTree = "<group>"; };
		E5280A3C145EFE6B00A88910 /* Reachability.h */ = {isa = PBXFileReference; fileEncoding = 4; lastKnownFileType = sourcecode.c.h; path = Reachability.h; sourceTree = "<group>"; };
		E5280A3D145EFE6B00A88910 /* Reachability.m */ = {isa = PBXFileReference; fileEncoding = 4; lastKnownFileType = sourcecode.c.objc; path = Reachability.m; sourceTree = "<group>"; };
		E5280A55145EFFD900A88910 /* libz.dylib */ = {isa = PBXFileReference; lastKnownFileType = "compiled.mach-o.dylib"; name = libz.dylib; path = usr/lib/libz.dylib; sourceTree = SDKROOT; };
		E5280A57145F005B00A88910 /* MobileCoreServices.framework */ = {isa = PBXFileReference; lastKnownFileType = wrapper.framework; name = MobileCoreServices.framework; path = System/Library/Frameworks/MobileCoreServices.framework; sourceTree = SDKROOT; };
		E5280A59145F006C00A88910 /* SystemConfiguration.framework */ = {isa = PBXFileReference; lastKnownFileType = wrapper.framework; name = SystemConfiguration.framework; path = System/Library/Frameworks/SystemConfiguration.framework; sourceTree = SDKROOT; };
		E53A7AEE1456FA3600B74F84 /* AudioToolbox.framework */ = {isa = PBXFileReference; lastKnownFileType = wrapper.framework; name = AudioToolbox.framework; path = System/Library/Frameworks/AudioToolbox.framework; sourceTree = SDKROOT; };
		E53A7AF01456FA4000B74F84 /* AVFoundation.framework */ = {isa = PBXFileReference; lastKnownFileType = wrapper.framework; name = AVFoundation.framework; path = System/Library/Frameworks/AVFoundation.framework; sourceTree = SDKROOT; };
		E53A7AF21456FA4700B74F84 /* CoreAudio.framework */ = {isa = PBXFileReference; lastKnownFileType = wrapper.framework; name = CoreAudio.framework; path = System/Library/Frameworks/CoreAudio.framework; sourceTree = SDKROOT; };
		E53A7AF41456FA5400B74F84 /* CoreMedia.framework */ = {isa = PBXFileReference; lastKnownFileType = wrapper.framework; name = CoreMedia.framework; path = System/Library/Frameworks/CoreMedia.framework; sourceTree = SDKROOT; };
		E53A7AF61456FA6800B74F84 /* MediaPlayer.framework */ = {isa = PBXFileReference; lastKnownFileType = wrapper.framework; name = MediaPlayer.framework; path = System/Library/Frameworks/MediaPlayer.framework; sourceTree = SDKROOT; };
		E53A7AFE1456FAB800B74F84 /* CFNetwork.framework */ = {isa = PBXFileReference; lastKnownFileType = wrapper.framework; name = CFNetwork.framework; path = System/Library/Frameworks/CFNetwork.framework; sourceTree = SDKROOT; };
		E5A9A3A91454DC0500EA374C /* Yasound.app */ = {isa = PBXFileReference; explicitFileType = wrapper.application; includeInIndex = 0; path = Yasound.app; sourceTree = BUILT_PRODUCTS_DIR; };
		E5A9A3AD1454DC0500EA374C /* UIKit.framework */ = {isa = PBXFileReference; lastKnownFileType = wrapper.framework; name = UIKit.framework; path = System/Library/Frameworks/UIKit.framework; sourceTree = SDKROOT; };
		E5A9A3AF1454DC0500EA374C /* Foundation.framework */ = {isa = PBXFileReference; lastKnownFileType = wrapper.framework; name = Foundation.framework; path = System/Library/Frameworks/Foundation.framework; sourceTree = SDKROOT; };
		E5A9A3B11454DC0500EA374C /* CoreGraphics.framework */ = {isa = PBXFileReference; lastKnownFileType = wrapper.framework; name = CoreGraphics.framework; path = System/Library/Frameworks/CoreGraphics.framework; sourceTree = SDKROOT; };
		E5A9A3B51454DC0500EA374C /* Yasound-Info.plist */ = {isa = PBXFileReference; lastKnownFileType = text.plist.xml; path = "Yasound-Info.plist"; sourceTree = "<group>"; };
		E5A9A3B71454DC0500EA374C /* en */ = {isa = PBXFileReference; lastKnownFileType = text.plist.strings; name = en; path = en.lproj/InfoPlist.strings; sourceTree = "<group>"; };
		E5A9A3B91454DC0500EA374C /* main.m */ = {isa = PBXFileReference; lastKnownFileType = sourcecode.c.objc; path = main.m; sourceTree = "<group>"; };
		E5A9A3BB1454DC0500EA374C /* Yasound-Prefix.pch */ = {isa = PBXFileReference; lastKnownFileType = sourcecode.c.h; path = "Yasound-Prefix.pch"; sourceTree = "<group>"; };
/* End PBXFileReference section */

/* Begin PBXFrameworksBuildPhase section */
		E5A9A3A61454DC0500EA374C /* Frameworks */ = {
			isa = PBXFrameworksBuildPhase;
			buildActionMask = 2147483647;
			files = (
				E5280A5A145F006C00A88910 /* SystemConfiguration.framework in Frameworks */,
				E5280A58145F005B00A88910 /* MobileCoreServices.framework in Frameworks */,
				E5280A56145EFFD900A88910 /* libz.dylib in Frameworks */,
				E53A7AFF1456FAB800B74F84 /* CFNetwork.framework in Frameworks */,
				E53A7AFC1456FA9900B74F84 /* AudioToolbox.framework in Frameworks */,
				E53A7AFD1456FA9900B74F84 /* MediaPlayer.framework in Frameworks */,
				E5A9A3AE1454DC0500EA374C /* UIKit.framework in Frameworks */,
				E5A9A3B01454DC0500EA374C /* Foundation.framework in Frameworks */,
				E5A9A3B21454DC0500EA374C /* CoreGraphics.framework in Frameworks */,
			);
			runOnlyForDeploymentPostprocessing = 0;
		};
/* End PBXFrameworksBuildPhase section */

/* Begin PBXGroup section */
		BCFECF8F146840B300BA20D9 /* resources */ = {
			isa = PBXGroup;
			children = (
				BCFECFB8146841A800BA20D9 /* avatars */,
				BCFECFBC146841A800BA20D9 /* gui */,
				BCFECFC3146841A800BA20D9 /* icons */,
				BCFECFCE146841A800BA20D9 /* logo@2x.png */,
				BCD4C2C8146962B1000A236A /* logo.png */,
				BC943A5014688AE70031CE17 /* Default.png */,
				BC943A5114688AE70031CE17 /* Default@2x.png */,
				BC943A5214688AE70031CE17 /* icon.png */,
			);
			path = resources;
			sourceTree = "<group>";
		};
		BCFECFB8146841A800BA20D9 /* avatars */ = {
			isa = PBXGroup;
			children = (
				BCFECFB9146841A800BA20D9 /* avatar1.png */,
				BCFECFBA146841A800BA20D9 /* avatar2.png */,
				BCFECFBB146841A800BA20D9 /* avatar3.png */,
			);
			path = avatars;
			sourceTree = "<group>";
		};
		BCFECFBC146841A800BA20D9 /* gui */ = {
			isa = PBXGroup;
			children = (
				BCD4C2CA14696E6E000A236A /* CreateMyRadio_Down.png */,
				BCD4C2CB14696E6E000A236A /* CreateMyRadio_Down@2x.png */,
				BCD4C2CC14696E6E000A236A /* CreateMyRadio.png */,
				BCD4C2CD14696E6E000A236A /* CreateMyRadio@2x.png */,
				BCFECFBD146841A800BA20D9 /* bouton-envoyer.png */,
				BCFECFBE146841A800BA20D9 /* bouton-retour.png */,
				BCFECFC0146841A800BA20D9 /* fond-auditeurs.png */,
				BCFECFC1146841A800BA20D9 /* MenuBg@2x.png */,
				BCFECFC2146841A800BA20D9 /* radiocree@2x.png */,
			);
			path = gui;
			sourceTree = "<group>";
		};
		BCFECFC3146841A800BA20D9 /* icons */ = {
			isa = PBXGroup;
			children = (
				BCFECFC4146841A800BA20D9 /* bt-achat.png */,
				BCFECFC5146841A800BA20D9 /* bt-aime.png */,
				BCFECFC6146841A800BA20D9 /* bt-aimepas.png */,
				BCFECFC7146841A800BA20D9 /* bt-ajouter.png */,
				BCFECFC8146841A800BA20D9 /* bt-Skip.png */,
				BCFECFC9146841A800BA20D9 /* BT-top1.png */,
				BCFECFCA146841A800BA20D9 /* BT-top2.png */,
				BCFECFCB146841A800BA20D9 /* BT-top3.png */,
				BCFECFCC146841A800BA20D9 /* BT-top4.png */,
				BCFECFCD146841A800BA20D9 /* BT-top5.png */,
			);
			path = icons;
			sourceTree = "<group>";
		};
		BCFECFE31468439900BA20D9 /* Audio */ = {
			isa = PBXGroup;
			children = (
				BCFECFE41468439900BA20D9 /* AudioStreamer.h */,
				BCFECFE51468439900BA20D9 /* AudioStreamer.m */,
			);
			path = Audio;
			sourceTree = "<group>";
		};
		BCFECFE61468439900BA20D9 /* Gui */ = {
			isa = PBXGroup;
			children = (
				BCD4C2C414695FCD000A236A /* ActivityAlertView.h */,
				BCD4C2C514695FCD000A236A /* ActivityAlertView.m */,
				BCFECFE71468439900BA20D9 /* MenuHeader.h */,
				BCFECFE81468439900BA20D9 /* MenuHeader.m */,
				BCFECFE91468439900BA20D9 /* SlidingMenu.h */,
				BCFECFEA1468439900BA20D9 /* SlidingMenu.m */,
				BCFECFEB1468439900BA20D9 /* Tile.h */,
				BCFECFEC1468439900BA20D9 /* Tile.m */,
			);
			path = Gui;
			sourceTree = "<group>";
		};
		E5280A04145EFE6B00A88910 /* ASIHTTPRequest */ = {
			isa = PBXGroup;
			children = (
				E5280A05145EFE6B00A88910 /* Classes */,
				E5280A3A145EFE6B00A88910 /* External */,
			);
			path = ASIHTTPRequest;
			sourceTree = "<group>";
		};
		E5280A05145EFE6B00A88910 /* Classes */ = {
			isa = PBXGroup;
			children = (
				E5280A06145EFE6B00A88910 /* ASIAuthenticationDialog.h */,
				E5280A07145EFE6B00A88910 /* ASIAuthenticationDialog.m */,
				E5280A08145EFE6B00A88910 /* ASICacheDelegate.h */,
				E5280A09145EFE6B00A88910 /* ASIDataCompressor.h */,
				E5280A0A145EFE6B00A88910 /* ASIDataCompressor.m */,
				E5280A0B145EFE6B00A88910 /* ASIDataDecompressor.h */,
				E5280A0C145EFE6B00A88910 /* ASIDataDecompressor.m */,
				E5280A0D145EFE6B00A88910 /* ASIDownloadCache.h */,
				E5280A0E145EFE6B00A88910 /* ASIDownloadCache.m */,
				E5280A0F145EFE6B00A88910 /* ASIFormDataRequest.h */,
				E5280A10145EFE6B00A88910 /* ASIFormDataRequest.m */,
				E5280A11145EFE6B00A88910 /* ASIHTTPRequest.h */,
				E5280A12145EFE6B00A88910 /* ASIHTTPRequest.m */,
				E5280A13145EFE6B00A88910 /* ASIHTTPRequestConfig.h */,
				E5280A14145EFE6B00A88910 /* ASIHTTPRequestDelegate.h */,
				E5280A15145EFE6B00A88910 /* ASIInputStream.h */,
				E5280A16145EFE6B00A88910 /* ASIInputStream.m */,
				E5280A17145EFE6B00A88910 /* ASINetworkQueue.h */,
				E5280A18145EFE6B00A88910 /* ASINetworkQueue.m */,
				E5280A19145EFE6B00A88910 /* ASIProgressDelegate.h */,
			);
			path = Classes;
			sourceTree = "<group>";
		};
		E5280A3A145EFE6B00A88910 /* External */ = {
			isa = PBXGroup;
			children = (
				E5280A3B145EFE6B00A88910 /* Reachability */,
			);
			path = External;
			sourceTree = "<group>";
		};
		E5280A3B145EFE6B00A88910 /* Reachability */ = {
			isa = PBXGroup;
			children = (
				E5280A3C145EFE6B00A88910 /* Reachability.h */,
				E5280A3D145EFE6B00A88910 /* Reachability.m */,
			);
			path = Reachability;
			sourceTree = "<group>";
		};
		E5280A5B146040E900A88910 /* xib */ = {
			isa = PBXGroup;
			children = (
				BC943A4D1468874D0031CE17 /* MainWindow.xib */,
				BCFECFF21468439900BA20D9 /* RadioCreatorViewController.xib */,
				BCFECFF51468439900BA20D9 /* RadioViewController.xib */,
				BCFECFF81468439900BA20D9 /* WallMessageViewController.xib */,
			);
			name = xib;
			path = Yasound;
			sourceTree = "<group>";
		};
		E5A9A39E1454DC0500EA374C = {
			isa = PBXGroup;
			children = (
				E5A9A3B31454DC0500EA374C /* Yasound */,
				E5A9A3B41454DC0500EA374C /* Supporting Files */,
				BCFECF8F146840B300BA20D9 /* resources */,
				E5280A5B146040E900A88910 /* xib */,
				E5A9A3AC1454DC0500EA374C /* Frameworks */,
				E5A9A3AA1454DC0500EA374C /* Products */,
			);
			sourceTree = "<group>";
		};
		E5A9A3AA1454DC0500EA374C /* Products */ = {
			isa = PBXGroup;
			children = (
				E5A9A3A91454DC0500EA374C /* Yasound.app */,
			);
			name = Products;
			sourceTree = "<group>";
		};
		E5A9A3AC1454DC0500EA374C /* Frameworks */ = {
			isa = PBXGroup;
			children = (
				E5280A59145F006C00A88910 /* SystemConfiguration.framework */,
				E5280A57145F005B00A88910 /* MobileCoreServices.framework */,
				E5280A55145EFFD900A88910 /* libz.dylib */,
				E53A7AFE1456FAB800B74F84 /* CFNetwork.framework */,
				E53A7AF61456FA6800B74F84 /* MediaPlayer.framework */,
				E53A7AF41456FA5400B74F84 /* CoreMedia.framework */,
				E53A7AF21456FA4700B74F84 /* CoreAudio.framework */,
				E53A7AF01456FA4000B74F84 /* AVFoundation.framework */,
				E53A7AEE1456FA3600B74F84 /* AudioToolbox.framework */,
				E5A9A3AD1454DC0500EA374C /* UIKit.framework */,
				E5A9A3AF1454DC0500EA374C /* Foundation.framework */,
				E5A9A3B11454DC0500EA374C /* CoreGraphics.framework */,
			);
			name = Frameworks;
			sourceTree = "<group>";
		};
		E5A9A3B31454DC0500EA374C /* Yasound */ = {
			isa = PBXGroup;
			children = (
				E5280A04145EFE6B00A88910 /* ASIHTTPRequest */,
				BCFECFE31468439900BA20D9 /* Audio */,
				BCFECFE61468439900BA20D9 /* Gui */,
				BCFECFED1468439900BA20D9 /* InteractionViewController.h */,
				BCFECFEE1468439900BA20D9 /* InteractionViewController.m */,
				BCFECFF01468439900BA20D9 /* RadioCreatorViewController.h */,
				BCFECFF11468439900BA20D9 /* RadioCreatorViewController.m */,
				BCFECFF31468439900BA20D9 /* RadioViewController.h */,
				BCFECFF41468439900BA20D9 /* RadioViewController.m */,
				BCFECFF61468439900BA20D9 /* WallMessageViewController.h */,
				BCFECFF71468439900BA20D9 /* WallMessageViewController.m */,
				BC648F0D14684EFB005A6D8A /* MainViewController.h */,
				BC648F0E14684EFB005A6D8A /* MainViewController.m */,
				BCFECFF91468439900BA20D9 /* YasoundAppDelegate.h */,
				BCFECFFA1468439900BA20D9 /* YasoundAppDelegate.m */,
			);
			path = Yasound;
			sourceTree = "<group>";
		};
		E5A9A3B41454DC0500EA374C /* Supporting Files */ = {
			isa = PBXGroup;
			children = (
				E5A9A3B51454DC0500EA374C /* Yasound-Info.plist */,
				E5A9A3B61454DC0500EA374C /* InfoPlist.strings */,
				E5A9A3B91454DC0500EA374C /* main.m */,
				E5A9A3BB1454DC0500EA374C /* Yasound-Prefix.pch */,
			);
			name = "Supporting Files";
			path = Yasound;
			sourceTree = "<group>";
		};
/* End PBXGroup section */

/* Begin PBXNativeTarget section */
		E5A9A3A81454DC0500EA374C /* Yasound */ = {
			isa = PBXNativeTarget;
			buildConfigurationList = E5A9A3C41454DC0500EA374C /* Build configuration list for PBXNativeTarget "Yasound" */;
			buildPhases = (
				E5A9A3A51454DC0500EA374C /* Sources */,
				E5A9A3A61454DC0500EA374C /* Frameworks */,
				E5A9A3A71454DC0500EA374C /* Resources */,
			);
			buildRules = (
			);
			dependencies = (
			);
			name = Yasound;
			productName = Yasound;
			productReference = E5A9A3A91454DC0500EA374C /* Yasound.app */;
			productType = "com.apple.product-type.application";
		};
/* End PBXNativeTarget section */

/* Begin PBXProject section */
		E5A9A3A01454DC0500EA374C /* Project object */ = {
			isa = PBXProject;
			attributes = {
				LastUpgradeCheck = 0420;
				ORGANIZATIONNAME = Yasound;
			};
			buildConfigurationList = E5A9A3A31454DC0500EA374C /* Build configuration list for PBXProject "Yasound" */;
			compatibilityVersion = "Xcode 3.2";
			developmentRegion = English;
			hasScannedForEncodings = 0;
			knownRegions = (
				en,
			);
			mainGroup = E5A9A39E1454DC0500EA374C;
			productRefGroup = E5A9A3AA1454DC0500EA374C /* Products */;
			projectDirPath = "";
			projectRoot = "";
			targets = (
				E5A9A3A81454DC0500EA374C /* Yasound */,
			);
		};
/* End PBXProject section */

/* Begin PBXResourcesBuildPhase section */
		E5A9A3A71454DC0500EA374C /* Resources */ = {
			isa = PBXResourcesBuildPhase;
			buildActionMask = 2147483647;
			files = (
				E5A9A3B81454DC0500EA374C /* InfoPlist.strings in Resources */,
				BCFECFCF146841A800BA20D9 /* avatar1.png in Resources */,
				BCFECFD0146841A800BA20D9 /* avatar2.png in Resources */,
				BCFECFD1146841A800BA20D9 /* avatar3.png in Resources */,
				BCFECFD2146841A800BA20D9 /* bouton-envoyer.png in Resources */,
				BCFECFD3146841A800BA20D9 /* bouton-retour.png in Resources */,
				BCFECFD5146841A800BA20D9 /* fond-auditeurs.png in Resources */,
				BCFECFD6146841A800BA20D9 /* MenuBg@2x.png in Resources */,
				BCFECFD7146841A800BA20D9 /* radiocree@2x.png in Resources */,
				BCFECFD8146841A800BA20D9 /* bt-achat.png in Resources */,
				BCFECFD9146841A800BA20D9 /* bt-aime.png in Resources */,
				BCFECFDA146841A800BA20D9 /* bt-aimepas.png in Resources */,
				BCFECFDB146841A800BA20D9 /* bt-ajouter.png in Resources */,
				BCFECFDC146841A800BA20D9 /* bt-Skip.png in Resources */,
				BCFECFDD146841A800BA20D9 /* BT-top1.png in Resources */,
				BCFECFDE146841A800BA20D9 /* BT-top2.png in Resources */,
				BCFECFDF146841A800BA20D9 /* BT-top3.png in Resources */,
				BCFECFE0146841A800BA20D9 /* BT-top4.png in Resources */,
				BCFECFE1146841A800BA20D9 /* BT-top5.png in Resources */,
				BCFECFE2146841A800BA20D9 /* logo@2x.png in Resources */,
				BCFED0021468439900BA20D9 /* RadioCreatorViewController.xib in Resources */,
				BCFED0041468439900BA20D9 /* RadioViewController.xib in Resources */,
				BCFED0061468439900BA20D9 /* WallMessageViewController.xib in Resources */,
				BC943A4F1468874D0031CE17 /* MainWindow.xib in Resources */,
				BC943A5314688AE70031CE17 /* Default.png in Resources */,
				BC943A5414688AE70031CE17 /* Default@2x.png in Resources */,
				BC943A5514688AE70031CE17 /* icon.png in Resources */,
				BCD4C2C9146962B1000A236A /* logo.png in Resources */,
				BCD4C2CE14696E6E000A236A /* CreateMyRadio_Down.png in Resources */,
				BCD4C2CF14696E6E000A236A /* CreateMyRadio_Down@2x.png in Resources */,
				BCD4C2D014696E6E000A236A /* CreateMyRadio.png in Resources */,
				BCD4C2D114696E6E000A236A /* CreateMyRadio@2x.png in Resources */,
			);
			runOnlyForDeploymentPostprocessing = 0;
		};
/* End PBXResourcesBuildPhase section */

/* Begin PBXSourcesBuildPhase section */
		E5A9A3A51454DC0500EA374C /* Sources */ = {
			isa = PBXSourcesBuildPhase;
			buildActionMask = 2147483647;
			files = (
				E5A9A3BA1454DC0500EA374C /* main.m in Sources */,
				E5280A3E145EFE6B00A88910 /* ASIAuthenticationDialog.m in Sources */,
				E5280A3F145EFE6B00A88910 /* ASIDataCompressor.m in Sources */,
				E5280A40145EFE6B00A88910 /* ASIDataDecompressor.m in Sources */,
				E5280A41145EFE6B00A88910 /* ASIDownloadCache.m in Sources */,
				E5280A42145EFE6B00A88910 /* ASIFormDataRequest.m in Sources */,
				E5280A43145EFE6B00A88910 /* ASIHTTPRequest.m in Sources */,
				E5280A44145EFE6B00A88910 /* ASIInputStream.m in Sources */,
				E5280A45145EFE6B00A88910 /* ASINetworkQueue.m in Sources */,
				E5280A54145EFE6B00A88910 /* Reachability.m in Sources */,
				BCFECFFB1468439900BA20D9 /* AudioStreamer.m in Sources */,
				BCFECFFC1468439900BA20D9 /* MenuHeader.m in Sources */,
				BCFECFFD1468439900BA20D9 /* SlidingMenu.m in Sources */,
				BCFECFFE1468439900BA20D9 /* Tile.m in Sources */,
				BCFECFFF1468439900BA20D9 /* InteractionViewController.m in Sources */,
				BCFED0011468439900BA20D9 /* RadioCreatorViewController.m in Sources */,
				BCFED0031468439900BA20D9 /* RadioViewController.m in Sources */,
				BCFED0051468439900BA20D9 /* WallMessageViewController.m in Sources */,
				BCFED0071468439900BA20D9 /* YasoundAppDelegate.m in Sources */,
				BC648F1014684EFB005A6D8A /* MainViewController.m in Sources */,
				BCD4C2C614695FCD000A236A /* ActivityAlertView.m in Sources */,
			);
			runOnlyForDeploymentPostprocessing = 0;
		};
/* End PBXSourcesBuildPhase section */

/* Begin PBXVariantGroup section */
		BC943A4D1468874D0031CE17 /* MainWindow.xib */ = {
			isa = PBXVariantGroup;
			children = (
				BC943A4E1468874D0031CE17 /* en */,
			);
			name = MainWindow.xib;
			sourceTree = "<group>";
		};
		E5A9A3B61454DC0500EA374C /* InfoPlist.strings */ = {
			isa = PBXVariantGroup;
			children = (
				E5A9A3B71454DC0500EA374C /* en */,
			);
			name = InfoPlist.strings;
			sourceTree = "<group>";
		};
/* End PBXVariantGroup section */

/* Begin XCBuildConfiguration section */
		E5A9A3C21454DC0500EA374C /* Debug */ = {
			isa = XCBuildConfiguration;
			buildSettings = {
				ALWAYS_SEARCH_USER_PATHS = NO;
				ARCHS = "$(ARCHS_STANDARD_32_BIT)";
				"CODE_SIGN_IDENTITY[sdk=iphoneos*]" = "iPhone Developer";
				COPY_PHASE_STRIP = NO;
				GCC_C_LANGUAGE_STANDARD = gnu99;
				GCC_DYNAMIC_NO_PIC = NO;
				GCC_OPTIMIZATION_LEVEL = 0;
				GCC_PREPROCESSOR_DEFINITIONS = (
					"DEBUG=1",
					"$(inherited)",
				);
				GCC_SYMBOLS_PRIVATE_EXTERN = NO;
				GCC_VERSION = com.apple.compilers.llvmgcc42;
				GCC_WARN_ABOUT_MISSING_PROTOTYPES = YES;
				GCC_WARN_ABOUT_RETURN_TYPE = YES;
				GCC_WARN_UNUSED_VARIABLE = YES;
				IPHONEOS_DEPLOYMENT_TARGET = 4.3;
				SDKROOT = iphoneos;
			};
			name = Debug;
		};
		E5A9A3C31454DC0500EA374C /* Release */ = {
			isa = XCBuildConfiguration;
			buildSettings = {
				ALWAYS_SEARCH_USER_PATHS = NO;
				ARCHS = "$(ARCHS_STANDARD_32_BIT)";
				"CODE_SIGN_IDENTITY[sdk=iphoneos*]" = "iPhone Developer";
				COPY_PHASE_STRIP = YES;
				GCC_C_LANGUAGE_STANDARD = gnu99;
				GCC_VERSION = com.apple.compilers.llvmgcc42;
				GCC_WARN_ABOUT_MISSING_PROTOTYPES = YES;
				GCC_WARN_ABOUT_RETURN_TYPE = YES;
				GCC_WARN_UNUSED_VARIABLE = YES;
				IPHONEOS_DEPLOYMENT_TARGET = 4.3;
				OTHER_CFLAGS = "-DNS_BLOCK_ASSERTIONS=1";
				SDKROOT = iphoneos;
				VALIDATE_PRODUCT = YES;
			};
			name = Release;
		};
		E5A9A3C51454DC0500EA374C /* Debug */ = {
			isa = XCBuildConfiguration;
			buildSettings = {
				GCC_PRECOMPILE_PREFIX_HEADER = YES;
				GCC_PREFIX_HEADER = "Yasound/Yasound-Prefix.pch";
				GCC_VERSION = com.apple.compilers.llvm.clang.1_0;
				HEADER_SEARCH_PATHS = ASIHTTPRequest/Classes/;
				INFOPLIST_FILE = "Yasound/Yasound-Info.plist";
				PRODUCT_NAME = Yasound;
				WRAPPER_EXTENSION = app;
			};
			name = Debug;
		};
		E5A9A3C61454DC0500EA374C /* Release */ = {
			isa = XCBuildConfiguration;
			buildSettings = {
				GCC_PRECOMPILE_PREFIX_HEADER = YES;
				GCC_PREFIX_HEADER = "Yasound/Yasound-Prefix.pch";
				GCC_VERSION = com.apple.compilers.llvm.clang.1_0;
				HEADER_SEARCH_PATHS = ASIHTTPRequest/Classes/;
				INFOPLIST_FILE = "Yasound/Yasound-Info.plist";
				PRODUCT_NAME = Yasound;
				WRAPPER_EXTENSION = app;
			};
			name = Release;
		};
/* End XCBuildConfiguration section */

/* Begin XCConfigurationList section */
		E5A9A3A31454DC0500EA374C /* Build configuration list for PBXProject "Yasound" */ = {
			isa = XCConfigurationList;
			buildConfigurations = (
				E5A9A3C21454DC0500EA374C /* Debug */,
				E5A9A3C31454DC0500EA374C /* Release */,
			);
			defaultConfigurationIsVisible = 0;
			defaultConfigurationName = Release;
		};
		E5A9A3C41454DC0500EA374C /* Build configuration list for PBXNativeTarget "Yasound" */ = {
			isa = XCConfigurationList;
			buildConfigurations = (
				E5A9A3C51454DC0500EA374C /* Debug */,
				E5A9A3C61454DC0500EA374C /* Release */,
			);
			defaultConfigurationIsVisible = 0;
			defaultConfigurationName = Release;
		};
/* End XCConfigurationList section */
	};
	rootObject = E5A9A3A01454DC0500EA374C /* Project object */;
}
